{
  "nodes": {
    "advisory-db": {
      "flake": false,
      "locked": {
        "lastModified": 1719490091,
        "narHash": "sha256-FIDzlKCLL8D02bSWgNUw0ydc+ctyV34ELirYuENvjlE=",
        "owner": "rustsec",
        "repo": "advisory-db",
        "rev": "f5b488da7f6994a1fef6c4c78250cb25275c6c99",
        "type": "github"
      },
      "original": {
        "owner": "rustsec",
        "repo": "advisory-db",
        "type": "github"
      }
    },
    "advisory-db_2": {
      "flake": false,
      "locked": {
        "lastModified": 1717596017,
        "narHash": "sha256-LHjTqlOLgtv43GVkeM7Hb5HcZG5i/vNHnWgYaUzu+Jg=",
        "owner": "rustsec",
        "repo": "advisory-db",
        "rev": "af76d4423761499f954411bb3071dcc72e6b0450",
        "type": "github"
      },
      "original": {
        "owner": "rustsec",
        "repo": "advisory-db",
        "type": "github"
      }
    },
    "advisory-db_3": {
      "flake": false,
      "locked": {
        "lastModified": 1722017365,
        "narHash": "sha256-9wYR5NZIgI+qzMDlJrUzevR31fvFQRgfjlYp50Xp3Ts=",
        "owner": "rustsec",
        "repo": "advisory-db",
        "rev": "9d024c07ee8c18609b43436bc865abf46636e250",
        "type": "github"
      },
      "original": {
        "owner": "rustsec",
        "repo": "advisory-db",
        "type": "github"
      }
    },
    "blocks_iterator": {
      "inputs": {
        "crane": "crane",
        "flake-utils": [
          "flake-utils"
        ],
        "nixpkgs": [
          "nixpkgs"
        ],
        "rust-overlay": "rust-overlay"
      },
      "locked": {
        "lastModified": 1717223757,
        "narHash": "sha256-3LinN9wJQ4rMdYGvT0MU6cPKOQ2JGAndnqymjHs48Ws=",
        "owner": "RCasatta",
        "repo": "blocks_iterator",
        "rev": "8e498773a4bd1874a84b0a2bd1f2c17eb3df2097",
        "type": "github"
      },
      "original": {
        "owner": "RCasatta",
        "repo": "blocks_iterator",
        "type": "github"
      }
    },
    "crane": {
      "inputs": {
        "nixpkgs": [
          "blocks_iterator",
          "nixpkgs"
        ]
      },
      "locked": {
        "lastModified": 1712681629,
        "narHash": "sha256-bMDXn4AkTXLCpoZbII6pDGoSeSe9gI87jxPsHRXgu/E=",
        "owner": "ipetkov",
        "repo": "crane",
        "rev": "220387ac8e99cbee0ca4c95b621c4bc782b6a235",
        "type": "github"
      },
      "original": {
        "owner": "ipetkov",
        "repo": "crane",
        "type": "github"
      }
    },
    "crane_10": {
      "inputs": {
        "nixpkgs": [
          "post2fs",
          "nixpkgs"
        ]
      },
      "locked": {
        "lastModified": 1722960479,
        "narHash": "sha256-NhCkJJQhD5GUib8zN9JrmYGMwt4lCRp6ZVNzIiYCl0Y=",
        "owner": "ipetkov",
        "repo": "crane",
        "rev": "4c6c77920b8d44cd6660c1621dea6b3fc4b4c4f4",
        "type": "github"
      },
      "original": {
        "owner": "ipetkov",
        "repo": "crane",
        "type": "github"
      }
    },
    "crane_11": {
      "inputs": {
        "nixpkgs": [
          "sling",
          "nixpkgs"
        ]
      },
      "locked": {
        "lastModified": 1721058578,
        "narHash": "sha256-fs/PVa3H5dS1//4BjecWi3nitXm5fRObx0JxXIAo+JA=",
        "owner": "ipetkov",
        "repo": "crane",
        "rev": "17e5109bb1d9fb393d70fba80988f7d70d1ded1a",
        "type": "github"
      },
      "original": {
        "owner": "ipetkov",
        "repo": "crane",
        "type": "github"
      }
    },
    "crane_12": {
      "inputs": {
        "nixpkgs": [
          "summars",
          "nixpkgs"
        ]
      },
      "locked": {
        "lastModified": 1721058578,
        "narHash": "sha256-fs/PVa3H5dS1//4BjecWi3nitXm5fRObx0JxXIAo+JA=",
        "owner": "ipetkov",
        "repo": "crane",
        "rev": "17e5109bb1d9fb393d70fba80988f7d70d1ded1a",
        "type": "github"
      },
      "original": {
        "owner": "ipetkov",
        "repo": "crane",
        "type": "github"
      }
    },
    "crane_13": {
      "locked": {
        "lastModified": 1727316705,
        "narHash": "sha256-/mumx8AQ5xFuCJqxCIOFCHTVlxHkMT21idpbgbm/TIE=",
        "owner": "ipetkov",
        "repo": "crane",
        "rev": "5b03654ce046b5167e7b0bccbd8244cb56c16f0e",
        "type": "github"
      },
      "original": {
        "owner": "ipetkov",
        "repo": "crane",
        "type": "github"
      }
    },
    "crane_2": {
      "inputs": {
        "nixpkgs": [
          "electrs",
          "nixpkgs"
        ]
      },
      "locked": {
        "lastModified": 1711586303,
        "narHash": "sha256-iZDHWTqQj6z6ccqTSEOPOxQ8KMFAemInUObN2R9vHSs=",
        "owner": "ipetkov",
        "repo": "crane",
        "rev": "a329cd00398379c62e76fc3b8d4ec2934260d636",
        "type": "github"
      },
      "original": {
        "owner": "ipetkov",
        "repo": "crane",
        "type": "github"
      }
    },
    "crane_3": {
      "locked": {
        "lastModified": 1725409566,
        "narHash": "sha256-PrtLmqhM6UtJP7v7IGyzjBFhbG4eOAHT6LPYOFmYfbk=",
        "owner": "ipetkov",
        "repo": "crane",
        "rev": "7e4586bad4e3f8f97a9271def747cf58c4b68f3c",
        "type": "github"
      },
      "original": {
        "owner": "ipetkov",
        "repo": "crane",
        "type": "github"
      }
    },
    "crane_4": {
      "inputs": {
        "nixpkgs": [
          "eternitywall",
          "nixpkgs"
        ]
      },
      "locked": {
        "lastModified": 1719249093,
        "narHash": "sha256-0q1haa3sw6GbmJ+WhogMnducZGjEaCa/iR6hF2vq80I=",
        "owner": "ipetkov",
        "repo": "crane",
        "rev": "9791c77eb7e98b8d8ac5b0305d47282f994411ca",
        "type": "github"
      },
      "original": {
        "owner": "ipetkov",
        "repo": "crane",
        "type": "github"
      }
    },
    "crane_5": {
      "locked": {
        "lastModified": 1727316705,
        "narHash": "sha256-/mumx8AQ5xFuCJqxCIOFCHTVlxHkMT21idpbgbm/TIE=",
        "owner": "ipetkov",
        "repo": "crane",
        "rev": "5b03654ce046b5167e7b0bccbd8244cb56c16f0e",
        "type": "github"
      },
      "original": {
        "owner": "ipetkov",
        "repo": "crane",
        "type": "github"
      }
    },
    "crane_6": {
      "locked": {
        "lastModified": 1727316705,
        "narHash": "sha256-/mumx8AQ5xFuCJqxCIOFCHTVlxHkMT21idpbgbm/TIE=",
        "owner": "ipetkov",
        "repo": "crane",
        "rev": "5b03654ce046b5167e7b0bccbd8244cb56c16f0e",
        "type": "github"
      },
      "original": {
        "owner": "ipetkov",
        "repo": "crane",
        "type": "github"
      }
    },
    "crane_7": {
      "inputs": {
        "nixpkgs": [
          "lwk_cli",
          "nixpkgs"
        ]
      },
      "locked": {
        "lastModified": 1713979152,
        "narHash": "sha256-apdecPuh8SOQnkEET/kW/UcfjCRb8JbV5BKjoH+DcP4=",
        "owner": "ipetkov",
        "repo": "crane",
        "rev": "a5eca68a2cf11adb32787fc141cddd29ac8eb79c",
        "type": "github"
      },
      "original": {
        "owner": "ipetkov",
        "repo": "crane",
        "type": "github"
      }
    },
    "crane_8": {
      "inputs": {
        "nixpkgs": [
          "opreturn_org",
          "nixpkgs"
        ]
      },
      "locked": {
        "lastModified": 1717895724,
        "narHash": "sha256-dHwxCMe/Ki1xOAnbF9jQTXSFAMujpTnwWMbXvxcb5Uo=",
        "owner": "ipetkov",
        "repo": "crane",
        "rev": "a21d14679fb306ab8fa6ae0255eb9dc185039367",
        "type": "github"
      },
      "original": {
        "owner": "ipetkov",
        "repo": "crane",
        "type": "github"
      }
    },
    "crane_9": {
      "inputs": {
        "nixpkgs": [
          "pay2email",
          "nixpkgs"
        ]
      },
      "locked": {
        "lastModified": 1717025063,
        "narHash": "sha256-dIubLa56W9sNNz0e8jGxrX3CAkPXsq7snuFA/Ie6dn8=",
        "owner": "ipetkov",
        "repo": "crane",
        "rev": "480dff0be03dac0e51a8dfc26e882b0d123a450e",
        "type": "github"
      },
      "original": {
        "owner": "ipetkov",
        "repo": "crane",
        "type": "github"
      }
    },
    "electrs": {
      "inputs": {
        "crane": "crane_2",
        "flake-utils": [
          "flake-utils"
        ],
        "nixpkgs": [
          "nixpkgs"
        ],
        "rust-overlay": "rust-overlay_2"
      },
      "locked": {
        "lastModified": 1727159826,
        "narHash": "sha256-DebJuCfXUhcrloVemo0d4venSfL2rr2yr8V0EpOudD4=",
        "owner": "blockstream",
        "repo": "electrs",
        "rev": "6d182d8d0801a40c44a26000ae731a38c1d96218",
        "type": "github"
      },
      "original": {
        "owner": "blockstream",
        "repo": "electrs",
        "type": "github"
      }
    },
    "electrs-flake": {
      "inputs": {
        "crane": [
          "lwk_cli",
          "crane"
        ],
        "flake-utils": [
          "lwk_cli",
          "flake-utils"
        ],
        "nixpkgs": [
          "lwk_cli",
          "nixpkgs"
        ],
        "rust-overlay": [
          "lwk_cli",
          "rust-overlay"
        ]
      },
      "locked": {
        "lastModified": 1714129864,
        "narHash": "sha256-Qe07R/8qbaj5J8TSYJRxYfPY0BShFJHrCe+LuGTXf+4=",
        "owner": "blockstream",
        "repo": "electrs",
        "rev": "efc1fec8b0f96b5663d7257a0c2cffd8ef143219",
        "type": "github"
      },
      "original": {
        "owner": "blockstream",
        "repo": "electrs",
        "type": "github"
      }
    },
    "esplora-enterprise-monitoring": {
      "inputs": {
        "crane": "crane_3",
        "flake-utils": [
          "flake-utils"
        ],
        "nixpkgs": [
          "nixpkgs"
        ],
        "rust-overlay": "rust-overlay_3"
      },
      "locked": {
        "lastModified": 1728476312,
        "narHash": "sha256-zI6oTH5fVusR4Ft3P8vAePy2xpuFLkJ6auEsnqD3dO0=",
        "ref": "refs/heads/master",
        "rev": "8c9f2db1ed743d15eab3e755a35a16d4e170901e",
        "revCount": 147,
        "type": "git",
        "url": "ssh://git@git.casatta.it/git/esplora-enterprise-monitoring"
      },
      "original": {
        "type": "git",
        "url": "ssh://git@git.casatta.it/git/esplora-enterprise-monitoring"
      }
    },
    "eternitywall": {
      "inputs": {
        "advisory-db": "advisory-db",
        "crane": "crane_4",
        "fenix": "fenix",
        "flake-utils": [
          "flake-utils"
        ],
        "nixpkgs": [
          "nixpkgs"
        ]
      },
      "locked": {
        "lastModified": 1719494671,
        "narHash": "sha256-+C7sYxSy8JxfLMSaua8jWkiy4pH3hAEr+aBtOSG1Jdc=",
        "owner": "RCasatta",
        "repo": "eternitywall",
        "rev": "524c0d546c55b91374231346c264c4ac0c3940f1",
        "type": "github"
      },
      "original": {
        "owner": "RCasatta",
        "repo": "eternitywall",
        "type": "github"
      }
    },
    "fbbe": {
      "inputs": {
        "crane": "crane_5",
        "flake-utils": [
          "flake-utils"
        ],
        "nixpkgs": [
          "nixpkgs"
        ],
        "rust-overlay": "rust-overlay_4"
      },
      "locked": {
        "lastModified": 1727968499,
        "narHash": "sha256-56lp3dxqv9goNt01oQUl11lym08oSBBW7ceTgzINJNo=",
        "owner": "RCasatta",
        "repo": "fbbe",
        "rev": "fd221bb1f2c8f0d54b8b97280afaaeea0718a4fd",
        "type": "github"
      },
      "original": {
        "owner": "RCasatta",
        "repo": "fbbe",
        "type": "github"
      }
    },
    "fenix": {
      "inputs": {
        "nixpkgs": [
          "eternitywall",
          "nixpkgs"
        ],
        "rust-analyzer-src": [
          "eternitywall"
        ]
      },
      "locked": {
        "lastModified": 1719469637,
        "narHash": "sha256-cOA40mIqjIIf+mCdtuglxdP/0to1LDL1Lkef7vqVykc=",
        "owner": "nix-community",
        "repo": "fenix",
        "rev": "3374c72204714eb979719e77a1856009584ba4d7",
        "type": "github"
      },
      "original": {
        "owner": "nix-community",
        "repo": "fenix",
        "type": "github"
      }
    },
    "fenix_2": {
      "inputs": {
        "nixpkgs": [
          "opreturn_org",
          "nixpkgs"
        ],
        "rust-analyzer-src": [
          "opreturn_org"
        ]
      },
      "locked": {
        "lastModified": 1717827974,
        "narHash": "sha256-ixopuTeTouxqTxfMuzs6IaRttbT8JqRW5C9Q/57WxQw=",
        "owner": "nix-community",
        "repo": "fenix",
        "rev": "ab655c627777ab5f9964652fe23bbb1dfbd687a8",
        "type": "github"
      },
      "original": {
        "owner": "nix-community",
        "repo": "fenix",
        "type": "github"
      }
    },
    "fenix_3": {
      "inputs": {
        "nixpkgs": [
          "post2fs",
          "nixpkgs"
        ],
        "rust-analyzer-src": [
          "post2fs"
        ]
      },
      "locked": {
        "lastModified": 1723012113,
        "narHash": "sha256-AJGsmwDnheWMjZWUqgiGtBjbxMmvLvMp5WJhmTRhJ4w=",
        "owner": "nix-community",
        "repo": "fenix",
        "rev": "3dab4ada5b0c5a22d56dbfd7e140c16f3df2e69a",
        "type": "github"
      },
      "original": {
        "owner": "nix-community",
        "repo": "fenix",
        "type": "github"
      }
    },
    "flake-utils": {
      "inputs": {
        "systems": "systems"
      },
      "locked": {
        "lastModified": 1726560853,
        "narHash": "sha256-X6rJYSESBVr3hBoH0WbKE5KvhPU5bloyZ2L4K60/fPQ=",
        "owner": "numtide",
        "repo": "flake-utils",
        "rev": "c1dfcf08411b08f6b8615f7d8971a2bfa81d5e8a",
        "type": "github"
      },
      "original": {
        "owner": "numtide",
        "repo": "flake-utils",
        "type": "github"
      }
    },
    "lightdash": {
      "inputs": {
        "crane": "crane_6",
        "flake-utils": [
          "flake-utils"
        ],
        "nixpkgs": [
          "nixpkgs"
        ],
        "rust-overlay": "rust-overlay_5"
      },
      "locked": {
        "lastModified": 1727624143,
        "narHash": "sha256-8Cp/U4MSwPhQFqaJc8q2zWMc66YDzUgCYl/3yiQWjxg=",
        "owner": "RCasatta",
        "repo": "lightdash",
        "rev": "815c14949153f0bc8dbd3136d429e13a137b71f0",
        "type": "github"
      },
      "original": {
        "owner": "RCasatta",
        "repo": "lightdash",
        "type": "github"
      }
    },
    "lwk_cli": {
      "inputs": {
        "crane": "crane_7",
        "electrs-flake": "electrs-flake",
        "flake-utils": [
          "flake-utils"
        ],
        "nixpkgs": [
          "nixpkgs"
        ],
        "registry-flake": "registry-flake",
        "rust-overlay": "rust-overlay_6"
      },
      "locked": {
        "lastModified": 1727873105,
        "narHash": "sha256-yLpXU8DU2rJNonQKAL/5BTHwUD9Kx8uqVyliBuOL9to=",
        "owner": "blockstream",
        "repo": "lwk",
        "rev": "4b34eb4c881cdff4a4dacdeb93a403ec684879d0",
        "type": "github"
      },
      "original": {
        "owner": "blockstream",
        "repo": "lwk",
        "type": "github"
      }
    },
    "nixpkgs": {
      "locked": {
        "lastModified": 1727381610,
        "narHash": "sha256-6am63/nAHi3gvIlAi50Yj7jzCVyHnrUUjDHIFX/CmyU=",
        "owner": "nixos",
        "repo": "nixpkgs",
        "rev": "917feada4b3e41b77cb11a7993ca6c3d7b75421d",
        "type": "github"
      },
      "original": {
        "owner": "nixos",
        "repo": "nixpkgs",
        "type": "github"
      }
    },
    "opreturn_org": {
      "inputs": {
        "advisory-db": "advisory-db_2",
        "crane": "crane_8",
        "fenix": "fenix_2",
        "flake-utils": [
          "flake-utils"
        ],
        "nixpkgs": [
          "nixpkgs"
        ]
      },
      "locked": {
        "lastModified": 1727856358,
        "narHash": "sha256-S/Qw1f9ayVXHYbgEBQx4tHKqFqvCJIwNORWyLbfRH/4=",
        "owner": "RCasatta",
        "repo": "opreturn_org",
        "rev": "0dc4aa63cc68489a215893e7eeabb9424b25ffaa",
        "type": "github"
      },
      "original": {
        "owner": "RCasatta",
        "repo": "opreturn_org",
        "type": "github"
      }
    },
    "pay2email": {
      "inputs": {
        "crane": "crane_9",
        "flake-utils": [
          "flake-utils"
        ],
        "nixpkgs": [
          "nixpkgs"
        ]
      },
      "locked": {
        "lastModified": 1719505575,
        "narHash": "sha256-i9HxkYxjMXPiXQoZ+2/KU3D9RpE3HMXbiG3cr1Cgfa0=",
        "owner": "RCasatta",
        "repo": "pay2email",
        "rev": "27d41e7b48e7516b41e6cd63a59b75de59f6e3f7",
        "type": "github"
      },
      "original": {
        "owner": "RCasatta",
        "repo": "pay2email",
        "type": "github"
      }
    },
    "post2fs": {
      "inputs": {
        "advisory-db": "advisory-db_3",
        "crane": "crane_10",
        "fenix": "fenix_3",
        "flake-utils": [
          "flake-utils"
        ],
        "nixpkgs": [
          "nixpkgs"
        ]
      },
      "locked": {
        "lastModified": 1723034106,
        "narHash": "sha256-tjNU+QjITeUKaTQdyE6k2ifNtlmgJnw1dR0IEmV2MBM=",
        "ref": "refs/heads/master",
        "rev": "09bec47d022c209884828ad419904fa22685a97c",
        "revCount": 4,
        "type": "git",
        "url": "ssh://git@git.casatta.it/git/post2fs"
      },
      "original": {
        "type": "git",
        "url": "ssh://git@git.casatta.it/git/post2fs"
      }
    },
    "registry-flake": {
      "inputs": {
        "crane": [
          "lwk_cli",
          "crane"
        ],
        "flake-utils": [
          "lwk_cli",
          "flake-utils"
        ],
        "nixpkgs": [
          "lwk_cli",
          "nixpkgs"
        ],
        "rust-overlay": [
          "lwk_cli",
          "rust-overlay"
        ]
      },
      "locked": {
        "lastModified": 1713271724,
        "narHash": "sha256-0TRBGEJROTxtv1+ISeZ+vGriAd999v6lJ1L8aFdlNV4=",
        "owner": "blockstream",
        "repo": "asset_registry",
        "rev": "f1c62fd793652827d3387e9aa4fca13c76de334e",
        "type": "github"
      },
      "original": {
        "owner": "blockstream",
        "ref": "flake",
        "repo": "asset_registry",
        "type": "github"
      }
    },
    "root": {
      "inputs": {
        "blocks_iterator": "blocks_iterator",
        "electrs": "electrs",
        "esplora-enterprise-monitoring": "esplora-enterprise-monitoring",
        "eternitywall": "eternitywall",
        "fbbe": "fbbe",
        "flake-utils": "flake-utils",
        "lightdash": "lightdash",
        "lwk_cli": "lwk_cli",
        "nixpkgs": "nixpkgs",
        "opreturn_org": "opreturn_org",
        "pay2email": "pay2email",
        "post2fs": "post2fs",
        "sling": "sling",
        "summars": "summars",
        "waterfalls": "waterfalls"
      }
    },
    "rust-overlay": {
      "inputs": {
        "flake-utils": [
          "blocks_iterator",
          "flake-utils"
        ],
        "nixpkgs": [
          "blocks_iterator",
          "nixpkgs"
        ]
      },
      "locked": {
        "lastModified": 1712628742,
        "narHash": "sha256-FIAlt8mbPUs8jRuh6xpFtYzDsyHzmiLNPcen8HwvD00=",
        "owner": "oxalica",
        "repo": "rust-overlay",
        "rev": "e7354bb9e5f68b2074e272fd5f5ac3f4848860ba",
        "type": "github"
      },
      "original": {
        "owner": "oxalica",
        "repo": "rust-overlay",
        "type": "github"
      }
    },
    "rust-overlay_2": {
      "inputs": {
        "flake-utils": [
          "electrs",
          "flake-utils"
        ],
        "nixpkgs": [
          "electrs",
          "nixpkgs"
        ]
      },
      "locked": {
        "lastModified": 1711592024,
        "narHash": "sha256-oD4OJ3TRmVrbAuKZWxElRCyCagNCDuhfw2exBmNOy48=",
        "owner": "oxalica",
        "repo": "rust-overlay",
        "rev": "aa858717377db2ed8ffd2d44147d907baee656e5",
        "type": "github"
      },
      "original": {
        "owner": "oxalica",
        "repo": "rust-overlay",
        "type": "github"
      }
    },
    "rust-overlay_3": {
      "inputs": {
        "nixpkgs": [
          "esplora-enterprise-monitoring",
          "nixpkgs"
        ]
      },
      "locked": {
        "lastModified": 1725848835,
        "narHash": "sha256-u4lCr+tOEWhsFiww5G04U5jUNzaQJi0/ZMIDGiLeT14=",
        "owner": "oxalica",
        "repo": "rust-overlay",
        "rev": "2ef910a6276a2f34513d18f2f826a8dea72c3b3f",
        "type": "github"
      },
      "original": {
        "owner": "oxalica",
        "repo": "rust-overlay",
        "type": "github"
      }
    },
    "rust-overlay_4": {
      "inputs": {
        "nixpkgs": [
          "fbbe",
          "nixpkgs"
        ]
      },
      "locked": {
        "lastModified": 1727317727,
        "narHash": "sha256-yGYahXzCquyYEgf5GTtvtaN5hXbw20Ok2+o8uVxoaFs=",
        "owner": "oxalica",
        "repo": "rust-overlay",
        "rev": "a3d832f389606d7dc61a45b244c72ea472d1fcd4",
        "type": "github"
      },
      "original": {
        "owner": "oxalica",
        "repo": "rust-overlay",
        "type": "github"
      }
    },
    "rust-overlay_5": {
      "inputs": {
        "nixpkgs": [
          "lightdash",
          "nixpkgs"
        ]
      },
      "locked": {
        "lastModified": 1727317727,
        "narHash": "sha256-yGYahXzCquyYEgf5GTtvtaN5hXbw20Ok2+o8uVxoaFs=",
        "owner": "oxalica",
        "repo": "rust-overlay",
        "rev": "a3d832f389606d7dc61a45b244c72ea472d1fcd4",
        "type": "github"
      },
      "original": {
        "owner": "oxalica",
        "repo": "rust-overlay",
        "type": "github"
      }
    },
    "rust-overlay_6": {
      "inputs": {
        "flake-utils": [
          "lwk_cli",
          "flake-utils"
        ],
        "nixpkgs": [
          "lwk_cli",
          "nixpkgs"
        ]
      },
      "locked": {
        "lastModified": 1714356894,
        "narHash": "sha256-W6Mss7AG6bnFT1BqRApHXvLXBrFOu7V0+EUe9iML30s=",
        "owner": "oxalica",
        "repo": "rust-overlay",
        "rev": "d9b44509b4064f0a3fc9c7c92a603861f52fbedc",
        "type": "github"
      },
      "original": {
        "owner": "oxalica",
        "repo": "rust-overlay",
        "type": "github"
      }
    },
    "rust-overlay_7": {
      "inputs": {
        "nixpkgs": [
          "waterfalls",
          "nixpkgs"
        ]
      },
      "locked": {
        "lastModified": 1727317727,
        "narHash": "sha256-yGYahXzCquyYEgf5GTtvtaN5hXbw20Ok2+o8uVxoaFs=",
        "owner": "oxalica",
        "repo": "rust-overlay",
        "rev": "a3d832f389606d7dc61a45b244c72ea472d1fcd4",
        "type": "github"
      },
      "original": {
        "owner": "oxalica",
        "repo": "rust-overlay",
        "type": "github"
      }
    },
    "sling": {
      "inputs": {
        "crane": "crane_11",
        "flake-utils": [
          "flake-utils"
        ],
        "nixpkgs": [
          "nixpkgs"
        ]
      },
      "locked": {
        "lastModified": 1727076239,
        "narHash": "sha256-4HRExNn3UDq1SmOjFhFFNuPdTDXrvNLjkdmofvhsuz4=",
        "owner": "daywalker90",
        "repo": "sling",
        "rev": "2fafc9770bd7bd37eacdb5ad71d6049f1e50e54e",
        "type": "github"
      },
      "original": {
        "owner": "daywalker90",
        "repo": "sling",
        "type": "github"
      }
    },
    "summars": {
      "inputs": {
        "crane": "crane_12",
        "flake-utils": [
          "flake-utils"
        ],
        "nixpkgs": [
          "nixpkgs"
        ]
      },
      "locked": {
        "lastModified": 1727019243,
        "narHash": "sha256-aGP2aoF5uKBl09498nBpO5+YWbhDZOmR9U2riGK8hrk=",
        "owner": "daywalker90",
        "repo": "summars",
        "rev": "893f68b6581af364863019e7ddd9ff63909ec71a",
        "type": "github"
      },
      "original": {
        "owner": "daywalker90",
        "repo": "summars",
        "type": "github"
      }
    },
    "systems": {
      "locked": {
        "lastModified": 1681028828,
        "narHash": "sha256-Vy1rq5AaRuLzOxct8nz4T6wlgyUR7zLU309k9mBC768=",
        "owner": "nix-systems",
        "repo": "default",
        "rev": "da67096a3b9bf56a91d16901293e51ba5b49a27e",
        "type": "github"
      },
      "original": {
        "owner": "nix-systems",
        "repo": "default",
        "type": "github"
      }
    },
    "waterfalls": {
      "inputs": {
        "crane": "crane_13",
        "flake-utils": [
          "flake-utils"
        ],
        "nixpkgs": [
          "nixpkgs"
        ],
        "rust-overlay": "rust-overlay_7"
      },
      "locked": {
        "lastModified": 1727973147,
        "narHash": "sha256-DVvF5ByI0bjOSUQ+a7BGgAISxfJcSerRqgFoS6Qd8D8=",
        "owner": "RCasatta",
        "repo": "waterfalls",
        "rev": "4ef2917a4d23f880f538758ca1bdc3066aafaf4c",
        "type": "github"
      },
      "original": {
        "owner": "RCasatta",
        "repo": "waterfalls",
        "type": "github"
      }
    }
  },
  "root": "root",
  "version": 7
}
