{
  "nodes": {
    "advisory-db": {
      "flake": false,
      "locked": {
        "lastModified": 1719490091,
        "narHash": "sha256-FIDzlKCLL8D02bSWgNUw0ydc+ctyV34ELirYuENvjlE=",
        "owner": "rustsec",
        "repo": "advisory-db",
        "rev": "f5b488da7f6994a1fef6c4c78250cb25275c6c99",
        "type": "github"
      },
      "original": {
        "owner": "rustsec",
        "repo": "advisory-db",
        "type": "github"
      }
    },
    "advisory-db_2": {
      "flake": false,
      "locked": {
        "lastModified": 1717596017,
        "narHash": "sha256-LHjTqlOLgtv43GVkeM7Hb5HcZG5i/vNHnWgYaUzu+Jg=",
        "owner": "rustsec",
        "repo": "advisory-db",
        "rev": "af76d4423761499f954411bb3071dcc72e6b0450",
        "type": "github"
      },
      "original": {
        "owner": "rustsec",
        "repo": "advisory-db",
        "type": "github"
      }
    },
    "advisory-db_3": {
      "flake": false,
      "locked": {
        "lastModified": 1722017365,
        "narHash": "sha256-9wYR5NZIgI+qzMDlJrUzevR31fvFQRgfjlYp50Xp3Ts=",
        "owner": "rustsec",
        "repo": "advisory-db",
        "rev": "9d024c07ee8c18609b43436bc865abf46636e250",
        "type": "github"
      },
      "original": {
        "owner": "rustsec",
        "repo": "advisory-db",
        "type": "github"
      }
    },
    "blocks_iterator": {
      "inputs": {
        "crane": "crane",
        "flake-utils": [
          "flake-utils"
        ],
        "nixpkgs": [
          "nixpkgs"
        ],
        "rust-overlay": "rust-overlay"
      },
      "locked": {
        "lastModified": 1732015138,
        "narHash": "sha256-PCzURXEgGECYrufOj3dSDCFDGW4dbYCucSLbm+VDfl4=",
        "owner": "RCasatta",
        "repo": "blocks_iterator",
        "rev": "7b419419b917572a127b4240790ef874a4d4b913",
        "type": "github"
      },
      "original": {
        "owner": "RCasatta",
        "repo": "blocks_iterator",
        "type": "github"
      }
    },
    "crane": {
      "inputs": {
        "nixpkgs": [
          "blocks_iterator",
          "nixpkgs"
        ]
      },
      "locked": {
        "lastModified": 1712681629,
        "narHash": "sha256-bMDXn4AkTXLCpoZbII6pDGoSeSe9gI87jxPsHRXgu/E=",
        "owner": "ipetkov",
        "repo": "crane",
        "rev": "220387ac8e99cbee0ca4c95b621c4bc782b6a235",
        "type": "github"
      },
      "original": {
        "owner": "ipetkov",
        "repo": "crane",
        "type": "github"
      }
    },
    "crane_10": {
      "locked": {
        "lastModified": 1730652660,
        "narHash": "sha256-+XVYfmVXAiYA0FZT7ijHf555dxCe+AoAT5A6RU+6vSo=",
        "owner": "ipetkov",
        "repo": "crane",
        "rev": "a4ca93905455c07cb7e3aca95d4faf7601cba458",
        "type": "github"
      },
      "original": {
        "owner": "ipetkov",
        "repo": "crane",
        "type": "github"
      }
    },
    "crane_11": {
      "inputs": {
        "nixpkgs": [
          "opreturn_org",
          "nixpkgs"
        ]
      },
      "locked": {
        "lastModified": 1717895724,
        "narHash": "sha256-dHwxCMe/Ki1xOAnbF9jQTXSFAMujpTnwWMbXvxcb5Uo=",
        "owner": "ipetkov",
        "repo": "crane",
        "rev": "a21d14679fb306ab8fa6ae0255eb9dc185039367",
        "type": "github"
      },
      "original": {
        "owner": "ipetkov",
        "repo": "crane",
        "type": "github"
      }
    },
    "crane_12": {
      "inputs": {
        "nixpkgs": [
          "pay2email",
          "nixpkgs"
        ]
      },
      "locked": {
        "lastModified": 1717025063,
        "narHash": "sha256-dIubLa56W9sNNz0e8jGxrX3CAkPXsq7snuFA/Ie6dn8=",
        "owner": "ipetkov",
        "repo": "crane",
        "rev": "480dff0be03dac0e51a8dfc26e882b0d123a450e",
        "type": "github"
      },
      "original": {
        "owner": "ipetkov",
        "repo": "crane",
        "type": "github"
      }
    },
    "crane_13": {
      "inputs": {
        "nixpkgs": [
          "post2fs",
          "nixpkgs"
        ]
      },
      "locked": {
        "lastModified": 1722960479,
        "narHash": "sha256-NhCkJJQhD5GUib8zN9JrmYGMwt4lCRp6ZVNzIiYCl0Y=",
        "owner": "ipetkov",
        "repo": "crane",
        "rev": "4c6c77920b8d44cd6660c1621dea6b3fc4b4c4f4",
        "type": "github"
      },
      "original": {
        "owner": "ipetkov",
        "repo": "crane",
        "type": "github"
      }
    },
    "crane_14": {
      "inputs": {
        "nixpkgs": [
          "sling",
          "nixpkgs"
        ]
      },
      "locked": {
        "lastModified": 1721058578,
        "narHash": "sha256-fs/PVa3H5dS1//4BjecWi3nitXm5fRObx0JxXIAo+JA=",
        "owner": "ipetkov",
        "repo": "crane",
        "rev": "17e5109bb1d9fb393d70fba80988f7d70d1ded1a",
        "type": "github"
      },
      "original": {
        "owner": "ipetkov",
        "repo": "crane",
        "type": "github"
      }
    },
    "crane_15": {
      "inputs": {
        "nixpkgs": [
          "summars",
          "nixpkgs"
        ]
      },
      "locked": {
        "lastModified": 1721058578,
        "narHash": "sha256-fs/PVa3H5dS1//4BjecWi3nitXm5fRObx0JxXIAo+JA=",
        "owner": "ipetkov",
        "repo": "crane",
        "rev": "17e5109bb1d9fb393d70fba80988f7d70d1ded1a",
        "type": "github"
      },
      "original": {
        "owner": "ipetkov",
        "repo": "crane",
        "type": "github"
      }
    },
    "crane_16": {
      "locked": {
        "lastModified": 1727316705,
        "narHash": "sha256-/mumx8AQ5xFuCJqxCIOFCHTVlxHkMT21idpbgbm/TIE=",
        "owner": "ipetkov",
        "repo": "crane",
        "rev": "5b03654ce046b5167e7b0bccbd8244cb56c16f0e",
        "type": "github"
      },
      "original": {
        "owner": "ipetkov",
        "repo": "crane",
        "type": "github"
      }
    },
    "crane_2": {
      "inputs": {
        "flake-compat": "flake-compat",
        "flake-utils": [
          "dinasty",
          "flake-utils"
        ],
        "nixpkgs": [
          "dinasty",
          "nixpkgs"
        ],
        "rust-overlay": [
          "dinasty",
          "rust-overlay"
        ]
      },
      "locked": {
        "lastModified": 1693787605,
        "narHash": "sha256-rwq5U8dy+a9JFny/73L0SJu1GfWwATMPMTp7D+mjHy8=",
        "owner": "ipetkov",
        "repo": "crane",
        "rev": "8b4f7a4dab2120cf41e7957a28a853f45016bd9d",
        "type": "github"
      },
      "original": {
        "owner": "ipetkov",
        "repo": "crane",
        "type": "github"
      }
    },
    "crane_3": {
      "inputs": {
        "nixpkgs": [
          "electrs",
          "nixpkgs"
        ]
      },
      "locked": {
        "lastModified": 1711586303,
        "narHash": "sha256-iZDHWTqQj6z6ccqTSEOPOxQ8KMFAemInUObN2R9vHSs=",
        "owner": "ipetkov",
        "repo": "crane",
        "rev": "a329cd00398379c62e76fc3b8d4ec2934260d636",
        "type": "github"
      },
      "original": {
        "owner": "ipetkov",
        "repo": "crane",
        "type": "github"
      }
    },
    "crane_4": {
      "locked": {
        "lastModified": 1725409566,
        "narHash": "sha256-PrtLmqhM6UtJP7v7IGyzjBFhbG4eOAHT6LPYOFmYfbk=",
        "owner": "ipetkov",
        "repo": "crane",
        "rev": "7e4586bad4e3f8f97a9271def747cf58c4b68f3c",
        "type": "github"
      },
      "original": {
        "owner": "ipetkov",
        "repo": "crane",
        "type": "github"
      }
    },
    "crane_5": {
      "inputs": {
        "nixpkgs": [
          "eternitywall",
          "nixpkgs"
        ]
      },
      "locked": {
        "lastModified": 1719249093,
        "narHash": "sha256-0q1haa3sw6GbmJ+WhogMnducZGjEaCa/iR6hF2vq80I=",
        "owner": "ipetkov",
        "repo": "crane",
        "rev": "9791c77eb7e98b8d8ac5b0305d47282f994411ca",
        "type": "github"
      },
      "original": {
        "owner": "ipetkov",
        "repo": "crane",
        "type": "github"
      }
    },
    "crane_6": {
      "locked": {
        "lastModified": 1727316705,
        "narHash": "sha256-/mumx8AQ5xFuCJqxCIOFCHTVlxHkMT21idpbgbm/TIE=",
        "owner": "ipetkov",
        "repo": "crane",
        "rev": "5b03654ce046b5167e7b0bccbd8244cb56c16f0e",
        "type": "github"
      },
      "original": {
        "owner": "ipetkov",
        "repo": "crane",
        "type": "github"
      }
    },
    "crane_7": {
      "locked": {
        "lastModified": 1730652660,
        "narHash": "sha256-+XVYfmVXAiYA0FZT7ijHf555dxCe+AoAT5A6RU+6vSo=",
        "owner": "ipetkov",
        "repo": "crane",
        "rev": "a4ca93905455c07cb7e3aca95d4faf7601cba458",
        "type": "github"
      },
      "original": {
        "owner": "ipetkov",
        "repo": "crane",
        "type": "github"
      }
    },
    "crane_8": {
      "locked": {
        "lastModified": 1727316705,
        "narHash": "sha256-/mumx8AQ5xFuCJqxCIOFCHTVlxHkMT21idpbgbm/TIE=",
        "owner": "ipetkov",
        "repo": "crane",
        "rev": "5b03654ce046b5167e7b0bccbd8244cb56c16f0e",
        "type": "github"
      },
      "original": {
        "owner": "ipetkov",
        "repo": "crane",
        "type": "github"
      }
    },
    "crane_9": {
      "inputs": {
        "nixpkgs": [
          "lwk_cli",
          "nixpkgs"
        ]
      },
      "locked": {
        "lastModified": 1713979152,
        "narHash": "sha256-apdecPuh8SOQnkEET/kW/UcfjCRb8JbV5BKjoH+DcP4=",
        "owner": "ipetkov",
        "repo": "crane",
        "rev": "a5eca68a2cf11adb32787fc141cddd29ac8eb79c",
        "type": "github"
      },
      "original": {
        "owner": "ipetkov",
        "repo": "crane",
        "type": "github"
      }
    },
    "dinasty": {
      "inputs": {
        "crane": "crane_2",
        "flake-utils": [
          "flake-utils"
        ],
        "nixpkgs": [
          "nixpkgs"
        ],
        "rust-overlay": "rust-overlay_2"
      },
      "locked": {
        "lastModified": 1698595003,
        "narHash": "sha256-13ZLiy3UkiQd6uEnj8abTF6pNDItNIVFPsxqICHUJ7Q=",
        "ref": "refs/heads/master",
        "rev": "ebbe58ae868f181ac5ebae440d5cf6cc272b34b4",
        "revCount": 35,
        "type": "git",
        "url": "ssh://git@git.casatta.it/git/dinasty"
      },
      "original": {
        "type": "git",
        "url": "ssh://git@git.casatta.it/git/dinasty"
      }
    },
    "electrs": {
      "inputs": {
        "crane": "crane_3",
        "flake-utils": [
          "flake-utils"
        ],
        "nixpkgs": [
          "nixpkgs"
        ],
        "rust-overlay": "rust-overlay_3"
      },
      "locked": {
        "lastModified": 1727159826,
        "narHash": "sha256-DebJuCfXUhcrloVemo0d4venSfL2rr2yr8V0EpOudD4=",
        "owner": "blockstream",
        "repo": "electrs",
        "rev": "6d182d8d0801a40c44a26000ae731a38c1d96218",
        "type": "github"
      },
      "original": {
        "owner": "blockstream",
        "repo": "electrs",
        "type": "github"
      }
    },
    "electrs-flake": {
      "inputs": {
        "crane": [
          "lwk_cli",
          "crane"
        ],
        "flake-utils": [
          "lwk_cli",
          "flake-utils"
        ],
        "nixpkgs": [
          "lwk_cli",
          "nixpkgs"
        ],
        "rust-overlay": [
          "lwk_cli",
          "rust-overlay"
        ]
      },
      "locked": {
        "lastModified": 1714129864,
        "narHash": "sha256-Qe07R/8qbaj5J8TSYJRxYfPY0BShFJHrCe+LuGTXf+4=",
        "owner": "blockstream",
        "repo": "electrs",
        "rev": "efc1fec8b0f96b5663d7257a0c2cffd8ef143219",
        "type": "github"
      },
      "original": {
        "owner": "blockstream",
        "repo": "electrs",
        "type": "github"
      }
    },
    "esplora-enterprise-monitoring": {
      "inputs": {
        "crane": "crane_4",
        "flake-utils": [
          "flake-utils"
        ],
        "nixpkgs": [
          "nixpkgs"
        ],
        "rust-overlay": "rust-overlay_4"
      },
      "locked": {
        "lastModified": 1730996751,
        "narHash": "sha256-YwlPxfjNWduxOQg8a351/B8yH3TeLgqpDgmpRNNiYpA=",
        "ref": "refs/heads/master",
        "rev": "86563d2e76acb9bc602638a7aa29ae06dfe59c06",
        "revCount": 154,
        "type": "git",
        "url": "ssh://git@git.casatta.it/git/esplora-enterprise-monitoring"
      },
      "original": {
        "type": "git",
        "url": "ssh://git@git.casatta.it/git/esplora-enterprise-monitoring"
      }
    },
    "eternitywall": {
      "inputs": {
        "advisory-db": "advisory-db",
        "crane": "crane_5",
        "fenix": "fenix",
        "flake-utils": [
          "flake-utils"
        ],
        "nixpkgs": [
          "nixpkgs"
        ]
      },
      "locked": {
        "lastModified": 1732016037,
        "narHash": "sha256-JDPEPIZKxrlG+FZewB6oQ0SHVDk6fJFL14dZQWhJpuc=",
        "owner": "RCasatta",
        "repo": "eternitywall",
        "rev": "736787034a7808672afdcaa6047bb6b24dac4ea3",
        "type": "github"
      },
      "original": {
        "owner": "RCasatta",
        "repo": "eternitywall",
        "type": "github"
      }
    },
    "fbbe": {
      "inputs": {
        "crane": "crane_6",
        "flake-utils": [
          "flake-utils"
        ],
        "nixpkgs": [
          "nixpkgs"
        ],
        "rust-overlay": "rust-overlay_5"
      },
      "locked": {
        "lastModified": 1732046990,
        "narHash": "sha256-a2mIbx5cXtlycKWW7KEszpgpiwPikbmAQuDZJxpMGcs=",
        "owner": "RCasatta",
        "repo": "fbbe",
        "rev": "6ecaf7b083f0b9fe0f49fdb147d4982839e11711",
        "type": "github"
      },
      "original": {
        "owner": "RCasatta",
        "repo": "fbbe",
        "type": "github"
      }
    },
    "fenix": {
      "inputs": {
        "nixpkgs": [
          "eternitywall",
          "nixpkgs"
        ],
        "rust-analyzer-src": [
          "eternitywall"
        ]
      },
      "locked": {
        "lastModified": 1719469637,
        "narHash": "sha256-cOA40mIqjIIf+mCdtuglxdP/0to1LDL1Lkef7vqVykc=",
        "owner": "nix-community",
        "repo": "fenix",
        "rev": "3374c72204714eb979719e77a1856009584ba4d7",
        "type": "github"
      },
      "original": {
        "owner": "nix-community",
        "repo": "fenix",
        "type": "github"
      }
    },
    "fenix_2": {
      "inputs": {
        "nixpkgs": [
          "opreturn_org",
          "nixpkgs"
        ],
        "rust-analyzer-src": [
          "opreturn_org"
        ]
      },
      "locked": {
        "lastModified": 1717827974,
        "narHash": "sha256-ixopuTeTouxqTxfMuzs6IaRttbT8JqRW5C9Q/57WxQw=",
        "owner": "nix-community",
        "repo": "fenix",
        "rev": "ab655c627777ab5f9964652fe23bbb1dfbd687a8",
        "type": "github"
      },
      "original": {
        "owner": "nix-community",
        "repo": "fenix",
        "type": "github"
      }
    },
    "fenix_3": {
      "inputs": {
        "nixpkgs": [
          "post2fs",
          "nixpkgs"
        ],
        "rust-analyzer-src": [
          "post2fs"
        ]
      },
      "locked": {
        "lastModified": 1723012113,
        "narHash": "sha256-AJGsmwDnheWMjZWUqgiGtBjbxMmvLvMp5WJhmTRhJ4w=",
        "owner": "nix-community",
        "repo": "fenix",
        "rev": "3dab4ada5b0c5a22d56dbfd7e140c16f3df2e69a",
        "type": "github"
      },
      "original": {
        "owner": "nix-community",
        "repo": "fenix",
        "type": "github"
      }
    },
    "firma2": {
      "inputs": {
        "crane": "crane_7",
        "flake-utils": [
          "flake-utils"
        ],
        "nixpkgs": [
          "nixpkgs"
        ]
      },
      "locked": {
        "lastModified": 1731078229,
        "narHash": "sha256-g4PW65POStwpaj7Xlz58t9or1PVGE+J1G1IGSMYogDc=",
        "owner": "RCasatta",
        "repo": "firma2",
        "rev": "ee81370ad69a8279ce9ca2d4190aa7ff66b632a4",
        "type": "github"
      },
      "original": {
        "owner": "RCasatta",
        "repo": "firma2",
        "type": "github"
      }
    },
    "flake-compat": {
      "flake": false,
      "locked": {
        "lastModified": 1673956053,
        "narHash": "sha256-4gtG9iQuiKITOjNQQeQIpoIB6b16fm+504Ch3sNKLd8=",
        "owner": "edolstra",
        "repo": "flake-compat",
        "rev": "35bb57c0c8d8b62bbfd284272c928ceb64ddbde9",
        "type": "github"
      },
      "original": {
        "owner": "edolstra",
        "repo": "flake-compat",
        "type": "github"
      }
    },
    "flake-utils": {
      "inputs": {
        "systems": "systems"
      },
      "locked": {
        "lastModified": 1726560853,
        "narHash": "sha256-X6rJYSESBVr3hBoH0WbKE5KvhPU5bloyZ2L4K60/fPQ=",
        "owner": "numtide",
        "repo": "flake-utils",
        "rev": "c1dfcf08411b08f6b8615f7d8971a2bfa81d5e8a",
        "type": "github"
      },
      "original": {
        "owner": "numtide",
        "repo": "flake-utils",
        "type": "github"
      }
    },
    "lightdash": {
      "inputs": {
        "crane": "crane_8",
        "flake-utils": [
          "flake-utils"
        ],
        "nixpkgs": [
          "nixpkgs"
        ],
        "rust-overlay": "rust-overlay_6"
      },
      "locked": {
        "lastModified": 1729346558,
        "narHash": "sha256-4I3hkBMqjB7NNOLQA8yyYjh8cz3ODro5v9Fuod6+7PA=",
        "owner": "RCasatta",
        "repo": "lightdash",
        "rev": "711602d30d9fd3e08055ab72642096cd2ac310ae",
        "type": "github"
      },
      "original": {
        "owner": "RCasatta",
        "repo": "lightdash",
        "type": "github"
      }
    },
    "lwk_cli": {
      "inputs": {
        "crane": "crane_9",
        "electrs-flake": "electrs-flake",
        "flake-utils": [
          "flake-utils"
        ],
        "nixpkgs": [
          "nixpkgs"
        ],
        "registry-flake": "registry-flake",
        "rust-overlay": "rust-overlay_7"
      },
      "locked": {
        "lastModified": 1731339178,
        "narHash": "sha256-vd+8Riw7NFT+wjUN1sL/H4urVc7yap6CnIDnUsif2tc=",
        "owner": "blockstream",
        "repo": "lwk",
        "rev": "a2246b5e821c974731bc63de5681a058fa767683",
        "type": "github"
      },
      "original": {
        "owner": "blockstream",
        "repo": "lwk",
        "type": "github"
      }
    },
    "multiqr": {
      "inputs": {
        "crane": "crane_10",
        "flake-utils": [
          "flake-utils"
        ],
        "nixpkgs": [
          "nixpkgs"
        ]
      },
      "locked": {
        "lastModified": 1731183630,
        "narHash": "sha256-tFX74aZH08J2/JY9oQUfaji+MRXUCOaGE/3WrWZ1xog=",
        "owner": "RCasatta",
        "repo": "multiqr",
        "rev": "2db35045d3bd7dbe8fa0591adb4b015b4546e25c",
        "type": "github"
      },
      "original": {
        "owner": "RCasatta",
        "repo": "multiqr",
        "type": "github"
      }
    },
    "nixpkgs": {
      "locked": {
        "lastModified": 1727381610,
        "narHash": "sha256-6am63/nAHi3gvIlAi50Yj7jzCVyHnrUUjDHIFX/CmyU=",
        "owner": "nixos",
        "repo": "nixpkgs",
        "rev": "917feada4b3e41b77cb11a7993ca6c3d7b75421d",
        "type": "github"
      },
      "original": {
        "owner": "nixos",
        "repo": "nixpkgs",
        "type": "github"
      }
    },
    "opreturn_org": {
      "inputs": {
        "advisory-db": "advisory-db_2",
        "crane": "crane_11",
        "fenix": "fenix_2",
        "flake-utils": [
          "flake-utils"
        ],
        "nixpkgs": [
          "nixpkgs"
        ]
      },
      "locked": {
        "lastModified": 1732015970,
        "narHash": "sha256-gGHsrDgnw8DaF4PIs5qd1Ed7Zs/U1LqIuKakH2xMFHU=",
        "owner": "RCasatta",
        "repo": "opreturn_org",
        "rev": "9fa4d9a280aba4a27ce097620b5eee819e96478e",
        "type": "github"
      },
      "original": {
        "owner": "RCasatta",
        "repo": "opreturn_org",
        "type": "github"
      }
    },
    "pay2email": {
      "inputs": {
        "crane": "crane_12",
        "flake-utils": [
          "flake-utils"
        ],
        "nixpkgs": [
          "nixpkgs"
        ]
      },
      "locked": {
        "lastModified": 1729006212,
        "narHash": "sha256-2q4KSDEV12NFGJvTT6LLIDZ/leLacyXCOuuCct6R8xI=",
        "owner": "RCasatta",
        "repo": "pay2email",
        "rev": "e783d33e0ca1701843f3ae8e2123779e80ef1cc5",
        "type": "github"
      },
      "original": {
        "owner": "RCasatta",
        "repo": "pay2email",
        "type": "github"
      }
    },
    "post2fs": {
      "inputs": {
        "advisory-db": "advisory-db_3",
        "crane": "crane_13",
        "fenix": "fenix_3",
        "flake-utils": [
          "flake-utils"
        ],
        "nixpkgs": [
          "nixpkgs"
        ]
      },
      "locked": {
        "lastModified": 1723034106,
        "narHash": "sha256-tjNU+QjITeUKaTQdyE6k2ifNtlmgJnw1dR0IEmV2MBM=",
        "ref": "refs/heads/master",
        "rev": "09bec47d022c209884828ad419904fa22685a97c",
        "revCount": 4,
        "type": "git",
        "url": "ssh://git@git.casatta.it/git/post2fs"
      },
      "original": {
        "type": "git",
        "url": "ssh://git@git.casatta.it/git/post2fs"
      }
    },
    "registry-flake": {
      "inputs": {
        "crane": [
          "lwk_cli",
          "crane"
        ],
        "flake-utils": [
          "lwk_cli",
          "flake-utils"
        ],
        "nixpkgs": [
          "lwk_cli",
          "nixpkgs"
        ],
        "rust-overlay": [
          "lwk_cli",
          "rust-overlay"
        ]
      },
      "locked": {
        "lastModified": 1713271724,
        "narHash": "sha256-0TRBGEJROTxtv1+ISeZ+vGriAd999v6lJ1L8aFdlNV4=",
        "owner": "blockstream",
        "repo": "asset_registry",
        "rev": "f1c62fd793652827d3387e9aa4fca13c76de334e",
        "type": "github"
      },
      "original": {
        "owner": "blockstream",
        "ref": "flake",
        "repo": "asset_registry",
        "type": "github"
      }
    },
    "root": {
      "inputs": {
        "blocks_iterator": "blocks_iterator",
        "dinasty": "dinasty",
        "electrs": "electrs",
        "esplora-enterprise-monitoring": "esplora-enterprise-monitoring",
        "eternitywall": "eternitywall",
        "fbbe": "fbbe",
        "firma2": "firma2",
        "flake-utils": "flake-utils",
        "lightdash": "lightdash",
        "lwk_cli": "lwk_cli",
        "multiqr": "multiqr",
        "nixpkgs": "nixpkgs",
        "opreturn_org": "opreturn_org",
        "pay2email": "pay2email",
        "post2fs": "post2fs",
        "sling": "sling",
        "summars": "summars",
        "waterfalls": "waterfalls"
      }
    },
    "rust-overlay": {
      "inputs": {
        "flake-utils": [
          "blocks_iterator",
          "flake-utils"
        ],
        "nixpkgs": [
          "blocks_iterator",
          "nixpkgs"
        ]
      },
      "locked": {
        "lastModified": 1712628742,
        "narHash": "sha256-FIAlt8mbPUs8jRuh6xpFtYzDsyHzmiLNPcen8HwvD00=",
        "owner": "oxalica",
        "repo": "rust-overlay",
        "rev": "e7354bb9e5f68b2074e272fd5f5ac3f4848860ba",
        "type": "github"
      },
      "original": {
        "owner": "oxalica",
        "repo": "rust-overlay",
        "type": "github"
      }
    },
    "rust-overlay_2": {
      "inputs": {
        "flake-utils": [
          "dinasty",
          "flake-utils"
        ],
        "nixpkgs": [
          "dinasty",
          "nixpkgs"
        ]
      },
      "locked": {
        "lastModified": 1694052649,
        "narHash": "sha256-+eBEU3dw3/fCfi8ZHFNutINxehMazGkQxqNcpeNbTo4=",
        "owner": "oxalica",
        "repo": "rust-overlay",
        "rev": "a795148ffbcc77f2b592d50ceebe36147e623a77",
        "type": "github"
      },
      "original": {
        "owner": "oxalica",
        "repo": "rust-overlay",
        "type": "github"
      }
    },
    "rust-overlay_3": {
      "inputs": {
        "flake-utils": [
          "electrs",
          "flake-utils"
        ],
        "nixpkgs": [
          "electrs",
          "nixpkgs"
        ]
      },
      "locked": {
        "lastModified": 1711592024,
        "narHash": "sha256-oD4OJ3TRmVrbAuKZWxElRCyCagNCDuhfw2exBmNOy48=",
        "owner": "oxalica",
        "repo": "rust-overlay",
        "rev": "aa858717377db2ed8ffd2d44147d907baee656e5",
        "type": "github"
      },
      "original": {
        "owner": "oxalica",
        "repo": "rust-overlay",
        "type": "github"
      }
    },
    "rust-overlay_4": {
      "inputs": {
        "nixpkgs": [
          "esplora-enterprise-monitoring",
          "nixpkgs"
        ]
      },
      "locked": {
        "lastModified": 1725848835,
        "narHash": "sha256-u4lCr+tOEWhsFiww5G04U5jUNzaQJi0/ZMIDGiLeT14=",
        "owner": "oxalica",
        "repo": "rust-overlay",
        "rev": "2ef910a6276a2f34513d18f2f826a8dea72c3b3f",
        "type": "github"
      },
      "original": {
        "owner": "oxalica",
        "repo": "rust-overlay",
        "type": "github"
      }
    },
    "rust-overlay_5": {
      "inputs": {
        "nixpkgs": [
          "fbbe",
          "nixpkgs"
        ]
      },
      "locked": {
        "lastModified": 1727317727,
        "narHash": "sha256-yGYahXzCquyYEgf5GTtvtaN5hXbw20Ok2+o8uVxoaFs=",
        "owner": "oxalica",
        "repo": "rust-overlay",
        "rev": "a3d832f389606d7dc61a45b244c72ea472d1fcd4",
        "type": "github"
      },
      "original": {
        "owner": "oxalica",
        "repo": "rust-overlay",
        "type": "github"
      }
    },
    "rust-overlay_6": {
      "inputs": {
        "nixpkgs": [
          "lightdash",
          "nixpkgs"
        ]
      },
      "locked": {
        "lastModified": 1727317727,
        "narHash": "sha256-yGYahXzCquyYEgf5GTtvtaN5hXbw20Ok2+o8uVxoaFs=",
        "owner": "oxalica",
        "repo": "rust-overlay",
        "rev": "a3d832f389606d7dc61a45b244c72ea472d1fcd4",
        "type": "github"
      },
      "original": {
        "owner": "oxalica",
        "repo": "rust-overlay",
        "type": "github"
      }
    },
    "rust-overlay_7": {
      "inputs": {
        "flake-utils": [
          "lwk_cli",
          "flake-utils"
        ],
        "nixpkgs": [
          "lwk_cli",
          "nixpkgs"
        ]
      },
      "locked": {
        "lastModified": 1714356894,
        "narHash": "sha256-W6Mss7AG6bnFT1BqRApHXvLXBrFOu7V0+EUe9iML30s=",
        "owner": "oxalica",
        "repo": "rust-overlay",
        "rev": "d9b44509b4064f0a3fc9c7c92a603861f52fbedc",
        "type": "github"
      },
      "original": {
        "owner": "oxalica",
        "repo": "rust-overlay",
        "type": "github"
      }
    },
    "rust-overlay_8": {
      "inputs": {
        "nixpkgs": [
          "waterfalls",
          "nixpkgs"
        ]
      },
      "locked": {
        "lastModified": 1727317727,
        "narHash": "sha256-yGYahXzCquyYEgf5GTtvtaN5hXbw20Ok2+o8uVxoaFs=",
        "owner": "oxalica",
        "repo": "rust-overlay",
        "rev": "a3d832f389606d7dc61a45b244c72ea472d1fcd4",
        "type": "github"
      },
      "original": {
        "owner": "oxalica",
        "repo": "rust-overlay",
        "type": "github"
      }
    },
    "sling": {
      "inputs": {
        "crane": "crane_14",
        "flake-utils": [
          "flake-utils"
        ],
        "nixpkgs": [
          "nixpkgs"
        ]
      },
      "locked": {
        "lastModified": 1727076239,
        "narHash": "sha256-4HRExNn3UDq1SmOjFhFFNuPdTDXrvNLjkdmofvhsuz4=",
        "owner": "daywalker90",
        "repo": "sling",
        "rev": "2fafc9770bd7bd37eacdb5ad71d6049f1e50e54e",
        "type": "github"
      },
      "original": {
        "owner": "daywalker90",
        "repo": "sling",
        "type": "github"
      }
    },
    "summars": {
      "inputs": {
        "crane": "crane_15",
        "flake-utils": [
          "flake-utils"
        ],
        "nixpkgs": [
          "nixpkgs"
        ]
      },
      "locked": {
        "lastModified": 1727019243,
        "narHash": "sha256-aGP2aoF5uKBl09498nBpO5+YWbhDZOmR9U2riGK8hrk=",
        "owner": "daywalker90",
        "repo": "summars",
        "rev": "893f68b6581af364863019e7ddd9ff63909ec71a",
        "type": "github"
      },
      "original": {
        "owner": "daywalker90",
        "repo": "summars",
        "type": "github"
      }
    },
    "systems": {
      "locked": {
        "lastModified": 1681028828,
        "narHash": "sha256-Vy1rq5AaRuLzOxct8nz4T6wlgyUR7zLU309k9mBC768=",
        "owner": "nix-systems",
        "repo": "default",
        "rev": "da67096a3b9bf56a91d16901293e51ba5b49a27e",
        "type": "github"
      },
      "original": {
        "owner": "nix-systems",
        "repo": "default",
        "type": "github"
      }
    },
    "waterfalls": {
      "inputs": {
        "crane": "crane_16",
        "flake-utils": [
          "flake-utils"
        ],
        "nixpkgs": [
          "nixpkgs"
        ],
        "rust-overlay": "rust-overlay_8"
      },
      "locked": {
        "lastModified": 1731319577,
        "narHash": "sha256-fXeY8hGSBr6eo9p6SVW6+zxMuMiiTqEON5Zyd9cap0w=",
        "owner": "RCasatta",
        "repo": "waterfalls",
        "rev": "d27dde199810a8852e955331215c104732dae316",
        "type": "github"
      },
      "original": {
        "owner": "RCasatta",
        "repo": "waterfalls",
        "type": "github"
      }
    }
  },
  "root": "root",
  "version": 7
}
