{
  "nodes": {
    "advisory-db": {
      "flake": false,
      "locked": {
        "lastModified": 1719490091,
        "narHash": "sha256-FIDzlKCLL8D02bSWgNUw0ydc+ctyV34ELirYuENvjlE=",
        "owner": "rustsec",
        "repo": "advisory-db",
        "rev": "f5b488da7f6994a1fef6c4c78250cb25275c6c99",
        "type": "github"
      },
      "original": {
        "owner": "rustsec",
        "repo": "advisory-db",
        "type": "github"
      }
    },
    "advisory-db_2": {
      "flake": false,
      "locked": {
        "lastModified": 1717596017,
        "narHash": "sha256-LHjTqlOLgtv43GVkeM7Hb5HcZG5i/vNHnWgYaUzu+Jg=",
        "owner": "rustsec",
        "repo": "advisory-db",
        "rev": "af76d4423761499f954411bb3071dcc72e6b0450",
        "type": "github"
      },
      "original": {
        "owner": "rustsec",
        "repo": "advisory-db",
        "type": "github"
      }
    },
    "advisory-db_3": {
      "flake": false,
      "locked": {
        "lastModified": 1722017365,
        "narHash": "sha256-9wYR5NZIgI+qzMDlJrUzevR31fvFQRgfjlYp50Xp3Ts=",
        "owner": "rustsec",
        "repo": "advisory-db",
        "rev": "9d024c07ee8c18609b43436bc865abf46636e250",
        "type": "github"
      },
      "original": {
        "owner": "rustsec",
        "repo": "advisory-db",
        "type": "github"
      }
    },
    "blocks_iterator": {
      "inputs": {
        "crane": "crane",
        "flake-utils": [
          "flake-utils"
        ],
        "nixpkgs": [
          "nixpkgs"
        ],
        "rust-overlay": "rust-overlay"
      },
      "locked": {
        "lastModified": 1744714260,
        "narHash": "sha256-y18pi68fv//9wIxFifrOUkSYBaHgArHpsWBpquz10LQ=",
        "owner": "RCasatta",
        "repo": "blocks_iterator",
        "rev": "8be6e8483c41c7e866f6becd1b98b06ae78b1a4b",
        "type": "github"
      },
      "original": {
        "owner": "RCasatta",
        "repo": "blocks_iterator",
        "type": "github"
      }
    },
    "btc_median_price": {
      "inputs": {
        "flake-utils": [
          "flake-utils"
        ],
        "nixpkgs": [
          "nixpkgs"
        ]
      },
      "locked": {
        "lastModified": 1746017369,
        "narHash": "sha256-uIEc7qTedbaEbTdh8CR/W5cdkHfMY7DpEGNBnf5QU2g=",
        "owner": "RCasatta",
        "repo": "btc_median_price",
        "rev": "65dfcf312e702adaec0d5586e2f98c2e589fb2a0",
        "type": "github"
      },
      "original": {
        "owner": "RCasatta",
        "repo": "btc_median_price",
        "type": "github"
      }
    },
    "crane": {
      "inputs": {
        "nixpkgs": [
          "blocks_iterator",
          "nixpkgs"
        ]
      },
      "locked": {
        "lastModified": 1712681629,
        "narHash": "sha256-bMDXn4AkTXLCpoZbII6pDGoSeSe9gI87jxPsHRXgu/E=",
        "owner": "ipetkov",
        "repo": "crane",
        "rev": "220387ac8e99cbee0ca4c95b621c4bc782b6a235",
        "type": "github"
      },
      "original": {
        "owner": "ipetkov",
        "repo": "crane",
        "type": "github"
      }
    },
    "crane_10": {
      "locked": {
        "lastModified": 1730652660,
        "narHash": "sha256-+XVYfmVXAiYA0FZT7ijHf555dxCe+AoAT5A6RU+6vSo=",
        "owner": "ipetkov",
        "repo": "crane",
        "rev": "a4ca93905455c07cb7e3aca95d4faf7601cba458",
        "type": "github"
      },
      "original": {
        "owner": "ipetkov",
        "repo": "crane",
        "type": "github"
      }
    },
    "crane_11": {
      "inputs": {
        "nixpkgs": [
          "opreturn_org",
          "nixpkgs"
        ]
      },
      "locked": {
        "lastModified": 1717895724,
        "narHash": "sha256-dHwxCMe/Ki1xOAnbF9jQTXSFAMujpTnwWMbXvxcb5Uo=",
        "owner": "ipetkov",
        "repo": "crane",
        "rev": "a21d14679fb306ab8fa6ae0255eb9dc185039367",
        "type": "github"
      },
      "original": {
        "owner": "ipetkov",
        "repo": "crane",
        "type": "github"
      }
    },
    "crane_12": {
      "inputs": {
        "nixpkgs": [
          "pay2email",
          "nixpkgs"
        ]
      },
      "locked": {
        "lastModified": 1717025063,
        "narHash": "sha256-dIubLa56W9sNNz0e8jGxrX3CAkPXsq7snuFA/Ie6dn8=",
        "owner": "ipetkov",
        "repo": "crane",
        "rev": "480dff0be03dac0e51a8dfc26e882b0d123a450e",
        "type": "github"
      },
      "original": {
        "owner": "ipetkov",
        "repo": "crane",
        "type": "github"
      }
    },
    "crane_13": {
      "inputs": {
        "nixpkgs": [
          "post2fs",
          "nixpkgs"
        ]
      },
      "locked": {
        "lastModified": 1722960479,
        "narHash": "sha256-NhCkJJQhD5GUib8zN9JrmYGMwt4lCRp6ZVNzIiYCl0Y=",
        "owner": "ipetkov",
        "repo": "crane",
        "rev": "4c6c77920b8d44cd6660c1621dea6b3fc4b4c4f4",
        "type": "github"
      },
      "original": {
        "owner": "ipetkov",
        "repo": "crane",
        "type": "github"
      }
    },
    "crane_14": {
      "locked": {
        "lastModified": 1736101677,
        "narHash": "sha256-iKOPq86AOWCohuzxwFy/MtC8PcSVGnrxBOvxpjpzrAY=",
        "owner": "ipetkov",
        "repo": "crane",
        "rev": "61ba163d85e5adeddc7b3a69bb174034965965b2",
        "type": "github"
      },
      "original": {
        "owner": "ipetkov",
        "repo": "crane",
        "type": "github"
      }
    },
    "crane_15": {
      "locked": {
        "lastModified": 1755537552,
        "narHash": "sha256-Tg+P8kFIneqnQLT8E0QqlCrldtdLo1n1y619/mxRD44=",
        "owner": "ipetkov",
        "repo": "crane",
        "rev": "3c40c97e1881fff381e4615e82557b333edf65c4",
        "type": "github"
      },
      "original": {
        "owner": "ipetkov",
        "repo": "crane",
        "type": "github"
      }
    },
    "crane_16": {
      "inputs": {
        "nixpkgs": [
          "summars",
          "nixpkgs"
        ]
      },
      "locked": {
        "lastModified": 1721058578,
        "narHash": "sha256-fs/PVa3H5dS1//4BjecWi3nitXm5fRObx0JxXIAo+JA=",
        "owner": "ipetkov",
        "repo": "crane",
        "rev": "17e5109bb1d9fb393d70fba80988f7d70d1ded1a",
        "type": "github"
      },
      "original": {
        "owner": "ipetkov",
        "repo": "crane",
        "type": "github"
      }
    },
    "crane_17": {
      "locked": {
        "lastModified": 1754269165,
        "narHash": "sha256-0tcS8FHd4QjbCVoxN9jI+PjHgA4vc/IjkUSp+N3zy0U=",
        "owner": "ipetkov",
        "repo": "crane",
        "rev": "444e81206df3f7d92780680e45858e31d2f07a08",
        "type": "github"
      },
      "original": {
        "owner": "ipetkov",
        "repo": "crane",
        "type": "github"
      }
    },
    "crane_18": {
      "locked": {
        "lastModified": 1754269165,
        "narHash": "sha256-0tcS8FHd4QjbCVoxN9jI+PjHgA4vc/IjkUSp+N3zy0U=",
        "owner": "ipetkov",
        "repo": "crane",
        "rev": "444e81206df3f7d92780680e45858e31d2f07a08",
        "type": "github"
      },
      "original": {
        "owner": "ipetkov",
        "repo": "crane",
        "type": "github"
      }
    },
    "crane_2": {
      "locked": {
        "lastModified": 1755537552,
        "narHash": "sha256-Tg+P8kFIneqnQLT8E0QqlCrldtdLo1n1y619/mxRD44=",
        "owner": "ipetkov",
        "repo": "crane",
        "rev": "3c40c97e1881fff381e4615e82557b333edf65c4",
        "type": "github"
      },
      "original": {
        "owner": "ipetkov",
        "repo": "crane",
        "type": "github"
      }
    },
    "crane_3": {
      "inputs": {
        "nixpkgs": [
          "eternitywall",
          "nixpkgs"
        ]
      },
      "locked": {
        "lastModified": 1719249093,
        "narHash": "sha256-0q1haa3sw6GbmJ+WhogMnducZGjEaCa/iR6hF2vq80I=",
        "owner": "ipetkov",
        "repo": "crane",
        "rev": "9791c77eb7e98b8d8ac5b0305d47282f994411ca",
        "type": "github"
      },
      "original": {
        "owner": "ipetkov",
        "repo": "crane",
        "type": "github"
      }
    },
    "crane_4": {
      "locked": {
        "lastModified": 1755993354,
        "narHash": "sha256-FCRRAzSaL/+umLIm3RU3O/+fJ2ssaPHseI2SSFL8yZU=",
        "owner": "ipetkov",
        "repo": "crane",
        "rev": "25bd41b24426c7734278c2ff02e53258851db914",
        "type": "github"
      },
      "original": {
        "owner": "ipetkov",
        "repo": "crane",
        "type": "github"
      }
    },
    "crane_5": {
      "locked": {
        "lastModified": 1737689766,
        "narHash": "sha256-ivVXYaYlShxYoKfSo5+y5930qMKKJ8CLcAoIBPQfJ6s=",
        "owner": "ipetkov",
        "repo": "crane",
        "rev": "6fe74265bbb6d016d663b1091f015e2976c4a527",
        "type": "github"
      },
      "original": {
        "owner": "ipetkov",
        "repo": "crane",
        "type": "github"
      }
    },
    "crane_6": {
      "locked": {
        "lastModified": 1730652660,
        "narHash": "sha256-+XVYfmVXAiYA0FZT7ijHf555dxCe+AoAT5A6RU+6vSo=",
        "owner": "ipetkov",
        "repo": "crane",
        "rev": "a4ca93905455c07cb7e3aca95d4faf7601cba458",
        "type": "github"
      },
      "original": {
        "owner": "ipetkov",
        "repo": "crane",
        "type": "github"
      }
    },
    "crane_7": {
      "locked": {
        "lastModified": 1727316705,
        "narHash": "sha256-/mumx8AQ5xFuCJqxCIOFCHTVlxHkMT21idpbgbm/TIE=",
        "owner": "ipetkov",
        "repo": "crane",
        "rev": "5b03654ce046b5167e7b0bccbd8244cb56c16f0e",
        "type": "github"
      },
      "original": {
        "owner": "ipetkov",
        "repo": "crane",
        "type": "github"
      }
    },
    "crane_8": {
      "locked": {
        "lastModified": 1727316705,
        "narHash": "sha256-/mumx8AQ5xFuCJqxCIOFCHTVlxHkMT21idpbgbm/TIE=",
        "owner": "ipetkov",
        "repo": "crane",
        "rev": "5b03654ce046b5167e7b0bccbd8244cb56c16f0e",
        "type": "github"
      },
      "original": {
        "owner": "ipetkov",
        "repo": "crane",
        "type": "github"
      }
    },
    "crane_9": {
      "locked": {
        "lastModified": 1741481578,
        "narHash": "sha256-JBTSyJFQdO3V8cgcL08VaBUByEU6P5kXbTJN6R0PFQo=",
        "owner": "ipetkov",
        "repo": "crane",
        "rev": "bb1c9567c43e4434f54e9481eb4b8e8e0d50f0b5",
        "type": "github"
      },
      "original": {
        "owner": "ipetkov",
        "repo": "crane",
        "type": "github"
      }
    },
    "electrs-flake": {
      "inputs": {
        "crane": [
          "lwk_cli",
          "crane"
        ],
        "flake-utils": [
          "lwk_cli",
          "flake-utils"
        ],
        "nixpkgs": [
          "lwk_cli",
          "nixpkgs"
        ],
        "rust-overlay": [
          "lwk_cli",
          "rust-overlay"
        ]
      },
      "locked": {
        "lastModified": 1738613112,
        "narHash": "sha256-1zSAFpWrLYBC2i/TYK94E9NtZ7EbR9lF6bbbhI/LEKc=",
        "owner": "blockstream",
        "repo": "electrs",
        "rev": "84cd0eddd91fda2a9ed39e702fc53f976503cd9d",
        "type": "github"
      },
      "original": {
        "owner": "blockstream",
        "repo": "electrs",
        "type": "github"
      }
    },
    "esplora-enterprise-monitoring": {
      "inputs": {
        "crane": "crane_2",
        "flake-utils": [
          "flake-utils"
        ],
        "nixpkgs": [
          "nixpkgs"
        ],
        "rust-overlay": "rust-overlay_2"
      },
      "locked": {
        "lastModified": 1757929547,
        "narHash": "sha256-H3SAoWSw9c2cW7HpNt+hg/IAns6ZFChEDsmqvOCbMBY=",
        "ref": "refs/heads/master",
        "rev": "cde0e8585c59bca86b0c6bb77e7b62db34c6bee0",
        "revCount": 198,
        "type": "git",
        "url": "ssh://git@git.casatta.it/git/esplora-enterprise-monitoring"
      },
      "original": {
        "type": "git",
        "url": "ssh://git@git.casatta.it/git/esplora-enterprise-monitoring"
      }
    },
    "eternitywall": {
      "inputs": {
        "advisory-db": "advisory-db",
        "crane": "crane_3",
        "fenix": "fenix",
        "flake-utils": [
          "flake-utils"
        ],
        "nixpkgs": [
          "nixpkgs"
        ]
      },
      "locked": {
        "lastModified": 1761206262,
        "narHash": "sha256-dNQdpg8MhjjwfDvmV7ixCGKgOrj/xmMkx7NHJuXDPgU=",
        "owner": "RCasatta",
        "repo": "eternitywall",
        "rev": "9782d74ecdb96650d6e52d04f5aa66a95d386992",
        "type": "github"
      },
      "original": {
        "owner": "RCasatta",
        "repo": "eternitywall",
        "type": "github"
      }
    },
    "fbbe": {
      "inputs": {
        "crane": "crane_4",
        "flake-utils": [
          "flake-utils"
        ],
        "nixpkgs": [
          "nixpkgs"
        ],
        "rust-overlay": "rust-overlay_3"
      },
      "locked": {
        "lastModified": 1761406619,
        "narHash": "sha256-q97HLLVik7sLN/N5Ym6qkV/9KCMDAE6vwzz1ytRMunk=",
        "owner": "RCasatta",
        "repo": "fbbe",
        "rev": "9c432779b95e7e78e1c9a6fed09b4e6446f0466b",
        "type": "github"
      },
      "original": {
        "owner": "RCasatta",
        "repo": "fbbe",
        "type": "github"
      }
    },
    "fenix": {
      "inputs": {
        "nixpkgs": [
          "eternitywall",
          "nixpkgs"
        ],
        "rust-analyzer-src": [
          "eternitywall"
        ]
      },
      "locked": {
        "lastModified": 1719469637,
        "narHash": "sha256-cOA40mIqjIIf+mCdtuglxdP/0to1LDL1Lkef7vqVykc=",
        "owner": "nix-community",
        "repo": "fenix",
        "rev": "3374c72204714eb979719e77a1856009584ba4d7",
        "type": "github"
      },
      "original": {
        "owner": "nix-community",
        "repo": "fenix",
        "type": "github"
      }
    },
    "fenix_2": {
      "inputs": {
        "nixpkgs": [
          "opreturn_org",
          "nixpkgs"
        ],
        "rust-analyzer-src": [
          "opreturn_org"
        ]
      },
      "locked": {
        "lastModified": 1717827974,
        "narHash": "sha256-ixopuTeTouxqTxfMuzs6IaRttbT8JqRW5C9Q/57WxQw=",
        "owner": "nix-community",
        "repo": "fenix",
        "rev": "ab655c627777ab5f9964652fe23bbb1dfbd687a8",
        "type": "github"
      },
      "original": {
        "owner": "nix-community",
        "repo": "fenix",
        "type": "github"
      }
    },
    "fenix_3": {
      "inputs": {
        "nixpkgs": [
          "post2fs",
          "nixpkgs"
        ],
        "rust-analyzer-src": [
          "post2fs"
        ]
      },
      "locked": {
        "lastModified": 1723012113,
        "narHash": "sha256-AJGsmwDnheWMjZWUqgiGtBjbxMmvLvMp5WJhmTRhJ4w=",
        "owner": "nix-community",
        "repo": "fenix",
        "rev": "3dab4ada5b0c5a22d56dbfd7e140c16f3df2e69a",
        "type": "github"
      },
      "original": {
        "owner": "nix-community",
        "repo": "fenix",
        "type": "github"
      }
    },
    "firma2": {
      "inputs": {
        "crane": "crane_5",
        "flake-utils": [
          "flake-utils"
        ],
        "multiqr-input": "multiqr-input",
        "nixpkgs": [
          "nixpkgs"
        ]
      },
      "locked": {
        "lastModified": 1738146172,
        "narHash": "sha256-CIRsul6IykJ+BGqN6FKoy2ZFS4bHbwArGjTXUDikf24=",
        "owner": "RCasatta",
        "repo": "firma2",
        "rev": "242c94027dc3e5a3d8147f34f8840d4e0d1c7e2c",
        "type": "github"
      },
      "original": {
        "owner": "RCasatta",
        "repo": "firma2",
        "type": "github"
      }
    },
    "flake-utils": {
      "inputs": {
        "systems": "systems"
      },
      "locked": {
        "lastModified": 1726560853,
        "narHash": "sha256-X6rJYSESBVr3hBoH0WbKE5KvhPU5bloyZ2L4K60/fPQ=",
        "owner": "numtide",
        "repo": "flake-utils",
        "rev": "c1dfcf08411b08f6b8615f7d8971a2bfa81d5e8a",
        "type": "github"
      },
      "original": {
        "owner": "numtide",
        "repo": "flake-utils",
        "type": "github"
      }
    },
    "flake-utils_2": {
      "inputs": {
        "systems": "systems_2"
      },
      "locked": {
        "lastModified": 1731533236,
        "narHash": "sha256-l0KFg5HjrsfsO/JpG+r7fRrqm12kzFHyUHqHCVpMMbI=",
        "owner": "numtide",
        "repo": "flake-utils",
        "rev": "11707dc2f618dd54ca8739b309ec4fc024de578b",
        "type": "github"
      },
      "original": {
        "owner": "numtide",
        "repo": "flake-utils",
        "type": "github"
      }
    },
    "lightdash": {
      "inputs": {
        "crane": "crane_7",
        "flake-utils": [
          "flake-utils"
        ],
        "nixpkgs": [
          "nixpkgs"
        ],
        "rust-overlay": "rust-overlay_4"
      },
      "locked": {
        "lastModified": 1763979839,
        "narHash": "sha256-My0E+7NCpQw7YS7QMyGYDOXmRMMiYpAbbcs1o+Z+6ZY=",
        "owner": "RCasatta",
        "repo": "lightdash",
        "rev": "0e0ad41c08e1ccd5d4892fd9abed7eaa61d62d8d",
        "type": "github"
      },
      "original": {
        "owner": "RCasatta",
        "repo": "lightdash",
        "type": "github"
      }
    },
    "lightdash_new": {
      "inputs": {
        "crane": "crane_8",
        "flake-utils": [
          "flake-utils"
        ],
        "nixpkgs": [
          "nixpkgs"
        ],
        "rust-overlay": "rust-overlay_5"
      },
      "locked": {
        "lastModified": 1760276134,
        "narHash": "sha256-R0nKGwjpcZp2DcFCTlPcYXMk6rqRCiXBUHJm9+WG430=",
        "owner": "RCasatta",
        "repo": "lightdash",
        "rev": "eb523ef5a7e40f4ac5032a580685bd75d0242904",
        "type": "github"
      },
      "original": {
        "owner": "RCasatta",
        "ref": "new",
        "repo": "lightdash",
        "type": "github"
      }
    },
    "lwk_cli": {
      "inputs": {
        "crane": "crane_9",
        "electrs-flake": "electrs-flake",
        "flake-utils": [
          "flake-utils"
        ],
        "nexus_relay": "nexus_relay",
        "nixpkgs": [
          "nixpkgs"
        ],
        "registry-flake": "registry-flake",
        "rust-overlay": "rust-overlay_7"
      },
      "locked": {
        "lastModified": 1754895702,
        "narHash": "sha256-MSe2VJB9zdX8zf5qGQj/QqTDNT2B1XZUr7I7SAMqK5o=",
        "owner": "blockstream",
        "repo": "lwk",
        "rev": "5c1498178ff4fbf6c0457138f0d1decd0a93bc51",
        "type": "github"
      },
      "original": {
        "owner": "blockstream",
        "repo": "lwk",
        "type": "github"
      }
    },
    "multiqr": {
      "inputs": {
        "crane": "crane_10",
        "flake-utils": [
          "flake-utils"
        ],
        "nixpkgs": [
          "nixpkgs"
        ]
      },
      "locked": {
        "lastModified": 1732826907,
        "narHash": "sha256-8A58F+ciH+11StnaZ1YqiF359IlNi3GZERGunUlRkTA=",
        "owner": "RCasatta",
        "repo": "multiqr",
        "rev": "51da7c548723e9420308f252f4fced4d7ebc2e4c",
        "type": "github"
      },
      "original": {
        "owner": "RCasatta",
        "repo": "multiqr",
        "type": "github"
      }
    },
    "multiqr-input": {
      "inputs": {
        "crane": "crane_6",
        "flake-utils": "flake-utils",
        "nixpkgs": [
          "firma2",
          "nixpkgs"
        ]
      },
      "locked": {
        "lastModified": 1732826907,
        "narHash": "sha256-8A58F+ciH+11StnaZ1YqiF359IlNi3GZERGunUlRkTA=",
        "owner": "RCasatta",
        "repo": "multiqr",
        "rev": "51da7c548723e9420308f252f4fced4d7ebc2e4c",
        "type": "github"
      },
      "original": {
        "owner": "RCasatta",
        "repo": "multiqr",
        "type": "github"
      }
    },
    "nexus_relay": {
      "inputs": {
        "flake-utils": [
          "lwk_cli",
          "flake-utils"
        ],
        "nixpkgs": [
          "lwk_cli",
          "nixpkgs"
        ],
        "rust-overlay": "rust-overlay_6"
      },
      "locked": {
        "lastModified": 1748629522,
        "narHash": "sha256-kFugFrhcnPyLqVXo7sMQ7oJ6b5EOFBHAC+j4tqm04Oo=",
        "owner": "RCasatta",
        "repo": "nexus_relay",
        "rev": "1a7c4c0187633b435931e0f2839f5f1798ea39e5",
        "type": "github"
      },
      "original": {
        "owner": "RCasatta",
        "repo": "nexus_relay",
        "type": "github"
      }
    },
    "nexus_relay_2": {
      "inputs": {
        "flake-utils": [
          "flake-utils"
        ],
        "nixpkgs": [
          "nixpkgs"
        ],
        "rust-overlay": "rust-overlay_8"
      },
      "locked": {
        "lastModified": 1757435977,
        "narHash": "sha256-A07W9qw2u7h/DSPrnmOafVEn34dY8YUu673RkSUL8cM=",
        "owner": "RCasatta",
        "repo": "nexus_relay",
        "rev": "bf4c3c56b9570fee3cf4ee1e46a9af77b9f2fcdd",
        "type": "github"
      },
      "original": {
        "owner": "RCasatta",
        "repo": "nexus_relay",
        "type": "github"
      }
    },
    "nexus_relay_new": {
      "inputs": {
        "flake-utils": [
          "flake-utils"
        ],
        "nixpkgs": [
          "nixpkgs"
        ],
        "rust-overlay": "rust-overlay_9"
      },
      "locked": {
        "lastModified": 1757418747,
        "narHash": "sha256-mgzHgp+HUBk3kT5PD/Z0arcUCSAEAAb3p4B0/rCz43A=",
        "owner": "RCasatta",
        "repo": "nexus_relay",
        "rev": "2456ee9be520850d53d2b9f70ad785b8fb09b49d",
        "type": "github"
      },
      "original": {
        "owner": "RCasatta",
        "ref": "new",
        "repo": "nexus_relay",
        "type": "github"
      }
    },
    "nixpkgs": {
      "locked": {
        "lastModified": 1744536153,
        "narHash": "sha256-awS2zRgF4uTwrOKwwiJcByDzDOdo3Q1rPZbiHQg/N38=",
        "owner": "NixOS",
        "repo": "nixpkgs",
        "rev": "18dd725c29603f582cf1900e0d25f9f1063dbf11",
        "type": "github"
      },
      "original": {
        "owner": "NixOS",
        "ref": "nixpkgs-unstable",
        "repo": "nixpkgs",
        "type": "github"
      }
    },
    "nixpkgs_2": {
      "locked": {
        "lastModified": 1744536153,
        "narHash": "sha256-awS2zRgF4uTwrOKwwiJcByDzDOdo3Q1rPZbiHQg/N38=",
        "owner": "NixOS",
        "repo": "nixpkgs",
        "rev": "18dd725c29603f582cf1900e0d25f9f1063dbf11",
        "type": "github"
      },
      "original": {
        "owner": "NixOS",
        "ref": "nixpkgs-unstable",
        "repo": "nixpkgs",
        "type": "github"
      }
    },
    "nixpkgs_3": {
      "locked": {
        "lastModified": 1744536153,
        "narHash": "sha256-awS2zRgF4uTwrOKwwiJcByDzDOdo3Q1rPZbiHQg/N38=",
        "owner": "NixOS",
        "repo": "nixpkgs",
        "rev": "18dd725c29603f582cf1900e0d25f9f1063dbf11",
        "type": "github"
      },
      "original": {
        "owner": "NixOS",
        "ref": "nixpkgs-unstable",
        "repo": "nixpkgs",
        "type": "github"
      }
    },
    "nixpkgs_4": {
      "locked": {
        "lastModified": 1755186698,
        "narHash": "sha256-wNO3+Ks2jZJ4nTHMuks+cxAiVBGNuEBXsT29Bz6HASo=",
        "owner": "nixos",
        "repo": "nixpkgs",
        "rev": "fbcf476f790d8a217c3eab4e12033dc4a0f6d23c",
        "type": "github"
      },
      "original": {
        "owner": "nixos",
        "ref": "nixos-unstable",
        "repo": "nixpkgs",
        "type": "github"
      }
    },
    "opreturn_org": {
      "inputs": {
        "advisory-db": "advisory-db_2",
        "crane": "crane_11",
        "fenix": "fenix_2",
        "flake-utils": [
          "flake-utils"
        ],
        "nixpkgs": [
          "nixpkgs"
        ]
      },
      "locked": {
        "lastModified": 1762277141,
        "narHash": "sha256-ioosrGDpPSc2/CNtG5hcIlZPQsySN0zmKTAldzVuTPk=",
        "owner": "RCasatta",
        "repo": "opreturn_org",
        "rev": "0f5ec8f02315176344e07348340be4c76b875e5f",
        "type": "github"
      },
      "original": {
        "owner": "RCasatta",
        "repo": "opreturn_org",
        "type": "github"
      }
    },
    "pay2email": {
      "inputs": {
        "crane": "crane_12",
        "flake-utils": [
          "flake-utils"
        ],
        "nixpkgs": [
          "nixpkgs"
        ]
      },
      "locked": {
        "lastModified": 1755674927,
        "narHash": "sha256-Wi1AaszF/z6aqRB01/eLyPKZe7x4fPwTVLpAp6RwFYM=",
        "owner": "RCasatta",
        "repo": "pay2email",
        "rev": "ce5ce5154be1641aa9ed4da2a2e72d7c35ad29fe",
        "type": "github"
      },
      "original": {
        "owner": "RCasatta",
        "repo": "pay2email",
        "type": "github"
      }
    },
    "post2fs": {
      "inputs": {
        "advisory-db": "advisory-db_3",
        "crane": "crane_13",
        "fenix": "fenix_3",
        "flake-utils": [
          "flake-utils"
        ],
        "nixpkgs": [
          "nixpkgs"
        ]
      },
      "locked": {
        "lastModified": 1723034106,
        "narHash": "sha256-tjNU+QjITeUKaTQdyE6k2ifNtlmgJnw1dR0IEmV2MBM=",
        "ref": "refs/heads/master",
        "rev": "09bec47d022c209884828ad419904fa22685a97c",
        "revCount": 4,
        "type": "git",
        "url": "ssh://git@git.casatta.it/git/post2fs"
      },
      "original": {
        "type": "git",
        "url": "ssh://git@git.casatta.it/git/post2fs"
      }
    },
    "registry-flake": {
      "inputs": {
        "crane": [
          "lwk_cli",
          "crane"
        ],
        "flake-utils": [
          "lwk_cli",
          "flake-utils"
        ],
        "nixpkgs": [
          "lwk_cli",
          "nixpkgs"
        ],
        "rust-overlay": [
          "lwk_cli",
          "rust-overlay"
        ]
      },
      "locked": {
        "lastModified": 1742551508,
        "narHash": "sha256-gVpltnRFZzQOW9PJReg9PCKXFJzDw7ID4pr1ejFvGjo=",
        "owner": "blockstream",
        "repo": "asset_registry",
        "rev": "2f2e771f99a6dd393bcb7c2b98bbd39eaa600002",
        "type": "github"
      },
      "original": {
        "owner": "blockstream",
        "ref": "flake",
        "repo": "asset_registry",
        "type": "github"
      }
    },
    "root": {
      "inputs": {
        "blocks_iterator": "blocks_iterator",
        "btc_median_price": "btc_median_price",
        "esplora-enterprise-monitoring": "esplora-enterprise-monitoring",
        "eternitywall": "eternitywall",
        "fbbe": "fbbe",
        "firma2": "firma2",
        "flake-utils": "flake-utils_2",
        "lightdash": "lightdash",
        "lightdash_new": "lightdash_new",
        "lwk_cli": "lwk_cli",
        "multiqr": "multiqr",
        "nexus_relay": "nexus_relay_2",
        "nexus_relay_new": "nexus_relay_new",
        "nixpkgs": "nixpkgs_4",
        "opreturn_org": "opreturn_org",
        "pay2email": "pay2email",
        "post2fs": "post2fs",
        "scriptpubkeys_per_block": "scriptpubkeys_per_block",
        "sling": "sling",
        "summars": "summars",
        "waterfalls": "waterfalls",
        "waterfalls2": "waterfalls2"
      }
    },
    "rust-overlay": {
      "inputs": {
        "flake-utils": [
          "blocks_iterator",
          "flake-utils"
        ],
        "nixpkgs": [
          "blocks_iterator",
          "nixpkgs"
        ]
      },
      "locked": {
        "lastModified": 1712628742,
        "narHash": "sha256-FIAlt8mbPUs8jRuh6xpFtYzDsyHzmiLNPcen8HwvD00=",
        "owner": "oxalica",
        "repo": "rust-overlay",
        "rev": "e7354bb9e5f68b2074e272fd5f5ac3f4848860ba",
        "type": "github"
      },
      "original": {
        "owner": "oxalica",
        "repo": "rust-overlay",
        "type": "github"
      }
    },
    "rust-overlay_10": {
      "inputs": {
        "nixpkgs": [
          "waterfalls",
          "nixpkgs"
        ]
      },
      "locked": {
        "lastModified": 1755485198,
        "narHash": "sha256-C3042ST2lUg0nh734gmuP4lRRIBitA6Maegg2/jYRM4=",
        "owner": "oxalica",
        "repo": "rust-overlay",
        "rev": "aa45e63d431b28802ca4490cfc796b9e31731df7",
        "type": "github"
      },
      "original": {
        "owner": "oxalica",
        "repo": "rust-overlay",
        "type": "github"
      }
    },
    "rust-overlay_11": {
      "inputs": {
        "nixpkgs": [
          "waterfalls2",
          "nixpkgs"
        ]
      },
      "locked": {
        "lastModified": 1755485198,
        "narHash": "sha256-C3042ST2lUg0nh734gmuP4lRRIBitA6Maegg2/jYRM4=",
        "owner": "oxalica",
        "repo": "rust-overlay",
        "rev": "aa45e63d431b28802ca4490cfc796b9e31731df7",
        "type": "github"
      },
      "original": {
        "owner": "oxalica",
        "repo": "rust-overlay",
        "type": "github"
      }
    },
    "rust-overlay_2": {
      "inputs": {
        "nixpkgs": [
          "esplora-enterprise-monitoring",
          "nixpkgs"
        ]
      },
      "locked": {
        "lastModified": 1755571033,
        "narHash": "sha256-V8gmZBfMiFGCyGJQx/yO81LFJ4d/I5Jxs2id96rLxrM=",
        "owner": "oxalica",
        "repo": "rust-overlay",
        "rev": "95487740bb7ac11553445e9249041a6fa4b5eccf",
        "type": "github"
      },
      "original": {
        "owner": "oxalica",
        "repo": "rust-overlay",
        "type": "github"
      }
    },
    "rust-overlay_3": {
      "inputs": {
        "nixpkgs": [
          "fbbe",
          "nixpkgs"
        ]
      },
      "locked": {
        "lastModified": 1756521112,
        "narHash": "sha256-/YW9DI+vZ2lbTvYAek6BsudUXdpWr0FybTDod4P42L4=",
        "owner": "oxalica",
        "repo": "rust-overlay",
        "rev": "2243e3f251ea18486f83133cf8e325d2b9b71e89",
        "type": "github"
      },
      "original": {
        "owner": "oxalica",
        "repo": "rust-overlay",
        "type": "github"
      }
    },
    "rust-overlay_4": {
      "inputs": {
        "nixpkgs": [
          "lightdash",
          "nixpkgs"
        ]
      },
      "locked": {
        "lastModified": 1727317727,
        "narHash": "sha256-yGYahXzCquyYEgf5GTtvtaN5hXbw20Ok2+o8uVxoaFs=",
        "owner": "oxalica",
        "repo": "rust-overlay",
        "rev": "a3d832f389606d7dc61a45b244c72ea472d1fcd4",
        "type": "github"
      },
      "original": {
        "owner": "oxalica",
        "repo": "rust-overlay",
        "type": "github"
      }
    },
    "rust-overlay_5": {
      "inputs": {
        "nixpkgs": [
          "lightdash_new",
          "nixpkgs"
        ]
      },
      "locked": {
        "lastModified": 1727317727,
        "narHash": "sha256-yGYahXzCquyYEgf5GTtvtaN5hXbw20Ok2+o8uVxoaFs=",
        "owner": "oxalica",
        "repo": "rust-overlay",
        "rev": "a3d832f389606d7dc61a45b244c72ea472d1fcd4",
        "type": "github"
      },
      "original": {
        "owner": "oxalica",
        "repo": "rust-overlay",
        "type": "github"
      }
    },
    "rust-overlay_6": {
      "inputs": {
        "nixpkgs": "nixpkgs"
      },
      "locked": {
        "lastModified": 1748572605,
        "narHash": "sha256-k0nhPtkVDQkVJckRw6fGIeeDBktJf1BH0i8T48o7zkk=",
        "owner": "oxalica",
        "repo": "rust-overlay",
        "rev": "405ef13a5b80a0a4d4fc87c83554423d80e5f929",
        "type": "github"
      },
      "original": {
        "owner": "oxalica",
        "repo": "rust-overlay",
        "type": "github"
      }
    },
    "rust-overlay_7": {
      "inputs": {
        "nixpkgs": [
          "lwk_cli",
          "nixpkgs"
        ]
      },
      "locked": {
        "lastModified": 1741660300,
        "narHash": "sha256-0jldJ58sC5RjqwpwE+ER+RPMeX4Moz5im/evQ3SU/dU=",
        "owner": "oxalica",
        "repo": "rust-overlay",
        "rev": "ac2f556db0eb5cbba3c4f5f5989c46330f439b0b",
        "type": "github"
      },
      "original": {
        "owner": "oxalica",
        "repo": "rust-overlay",
        "type": "github"
      }
    },
    "rust-overlay_8": {
      "inputs": {
        "nixpkgs": "nixpkgs_2"
      },
      "locked": {
        "lastModified": 1751942411,
        "narHash": "sha256-01uMHCt2U9tP4f24DGch145tT8YQppLY5TC9mWK7O0A=",
        "owner": "oxalica",
        "repo": "rust-overlay",
        "rev": "c587235f892930a61c9e415f0d9792a1b27a41a2",
        "type": "github"
      },
      "original": {
        "owner": "oxalica",
        "repo": "rust-overlay",
        "type": "github"
      }
    },
    "rust-overlay_9": {
      "inputs": {
        "nixpkgs": "nixpkgs_3"
      },
      "locked": {
        "lastModified": 1751942411,
        "narHash": "sha256-01uMHCt2U9tP4f24DGch145tT8YQppLY5TC9mWK7O0A=",
        "owner": "oxalica",
        "repo": "rust-overlay",
        "rev": "c587235f892930a61c9e415f0d9792a1b27a41a2",
        "type": "github"
      },
      "original": {
        "owner": "oxalica",
        "repo": "rust-overlay",
        "type": "github"
      }
    },
    "scriptpubkeys_per_block": {
      "inputs": {
        "crane": "crane_14",
        "flake-utils": [
          "flake-utils"
        ],
        "nixpkgs": [
          "nixpkgs"
        ]
      },
      "locked": {
        "lastModified": 1737106474,
        "narHash": "sha256-Ipa8RFlhfE/vIjGwduhfY1U6wNCLZQi+HEOr/Zwaa/w=",
        "owner": "RCasatta",
        "repo": "scriptpubkeys_per_block",
        "rev": "fe591de299d1e149888b69fab9a43eada20cca52",
        "type": "github"
      },
      "original": {
        "owner": "RCasatta",
        "ref": "bi2",
        "repo": "scriptpubkeys_per_block",
        "type": "github"
      }
    },
    "sling": {
      "inputs": {
        "crane": "crane_15",
        "flake-utils": [
          "flake-utils"
        ],
        "nixpkgs": [
          "nixpkgs"
        ]
      },
      "locked": {
        "lastModified": 1755611656,
        "narHash": "sha256-bTlraux8QX+lhxtNZdwnWTg/4gsZGGhFY3KVm6vudjg=",
        "owner": "RCasatta",
        "repo": "sling",
        "rev": "0b0c3f8c3fc068eb89580206cc336f282b9d062c",
        "type": "github"
      },
      "original": {
        "owner": "RCasatta",
        "ref": "nix-update",
        "repo": "sling",
        "type": "github"
      }
    },
    "summars": {
      "inputs": {
        "crane": "crane_16",
        "flake-utils": [
          "flake-utils"
        ],
        "nixpkgs": [
          "nixpkgs"
        ]
      },
      "locked": {
        "lastModified": 1753260060,
        "narHash": "sha256-0ylfJVOVwpQ61hsbhxd6UOHn5gvysShA8DNw0V0NoHI=",
        "owner": "daywalker90",
        "repo": "summars",
        "rev": "c52a901a82236f851492693d57b5907060e9da0d",
        "type": "github"
      },
      "original": {
        "owner": "daywalker90",
        "repo": "summars",
        "type": "github"
      }
    },
    "systems": {
      "locked": {
        "lastModified": 1681028828,
        "narHash": "sha256-Vy1rq5AaRuLzOxct8nz4T6wlgyUR7zLU309k9mBC768=",
        "owner": "nix-systems",
        "repo": "default",
        "rev": "da67096a3b9bf56a91d16901293e51ba5b49a27e",
        "type": "github"
      },
      "original": {
        "owner": "nix-systems",
        "repo": "default",
        "type": "github"
      }
    },
    "systems_2": {
      "locked": {
        "lastModified": 1681028828,
        "narHash": "sha256-Vy1rq5AaRuLzOxct8nz4T6wlgyUR7zLU309k9mBC768=",
        "owner": "nix-systems",
        "repo": "default",
        "rev": "da67096a3b9bf56a91d16901293e51ba5b49a27e",
        "type": "github"
      },
      "original": {
        "owner": "nix-systems",
        "repo": "default",
        "type": "github"
      }
    },
    "waterfalls": {
      "inputs": {
        "crane": "crane_17",
        "flake-utils": [
          "flake-utils"
        ],
        "nixpkgs": [
          "nixpkgs"
        ],
        "rust-overlay": "rust-overlay_10"
      },
      "locked": {
        "lastModified": 1763584021,
        "narHash": "sha256-enRcpeg41yq4dMJzOzNN/RZDj1xXlBWh1rPwqSvJ1Zo=",
        "owner": "RCasatta",
        "repo": "waterfalls",
        "rev": "480cf2889c1acdb385023c16ab3a584832a17805",
        "type": "github"
      },
      "original": {
        "owner": "RCasatta",
        "repo": "waterfalls",
        "type": "github"
      }
    },
    "waterfalls2": {
      "inputs": {
        "crane": "crane_18",
        "flake-utils": [
          "flake-utils"
        ],
        "nixpkgs": [
          "nixpkgs"
        ],
        "rust-overlay": "rust-overlay_11"
      },
      "locked": {
        "lastModified": 1757694928,
        "narHash": "sha256-uGpDaF5PKXbsDI0Rww6g2jCj6pzfSFFnHPNIa7+Xh2o=",
        "owner": "RCasatta",
        "repo": "waterfalls",
        "rev": "5400dc7a54a97b89c752d3178700e7b99bc58ab6",
        "type": "github"
      },
      "original": {
        "owner": "RCasatta",
        "ref": "outpoint",
        "repo": "waterfalls",
        "type": "github"
      }
    }
  },
  "root": "root",
  "version": 7
}
